// !$*UTF8*$!
{
	archiveVersion = 1;
	classes = {
	};
	objectVersion = 56;
	objects = {

/* Begin PBXBuildFile section */
		180B5CAF2CDBD78E003FDE88 /* AppDelegate.swift in Sources */ = {isa = PBXBuildFile; fileRef = 180B5CAE2CDBD78E003FDE88 /* AppDelegate.swift */; };
		180B5CB12CDBD78E003FDE88 /* SceneDelegate.swift in Sources */ = {isa = PBXBuildFile; fileRef = 180B5CB02CDBD78E003FDE88 /* SceneDelegate.swift */; };
		180B5CB82CDBD78F003FDE88 /* Assets.xcassets in Resources */ = {isa = PBXBuildFile; fileRef = 180B5CB72CDBD78F003FDE88 /* Assets.xcassets */; };
		180B5CBB2CDBD78F003FDE88 /* Base in Resources */ = {isa = PBXBuildFile; fileRef = 180B5CBA2CDBD78F003FDE88 /* Base */; };
		181F9EC22CFDD71E00B0F835 /* Weekday+toString.swift in Sources */ = {isa = PBXBuildFile; fileRef = 181F9EC12CFDD71E00B0F835 /* Weekday+toString.swift */; };
		181F9EC42CFDE76B00B0F835 /* TrackerQuery.swift in Sources */ = {isa = PBXBuildFile; fileRef = 181F9EC32CFDE76B00B0F835 /* TrackerQuery.swift */; };
		181F9EC92CFF96EB00B0F835 /* TrackersCollectionViewDelegate.swift in Sources */ = {isa = PBXBuildFile; fileRef = 181F9EC82CFF96EB00B0F835 /* TrackersCollectionViewDelegate.swift */; };
		181F9F1E2D04692C00B0F835 /* TrackerCellViewModel.swift in Sources */ = {isa = PBXBuildFile; fileRef = 181F9F1D2D04692C00B0F835 /* TrackerCellViewModel.swift */; };
		181F9F752D07759100B0F835 /* TrackerCreationViewController.swift in Sources */ = {isa = PBXBuildFile; fileRef = 181F9F722D07759100B0F835 /* TrackerCreationViewController.swift */; };
		1841E4B12D2AA55D00EC7933 /* Emojis.plist in Resources */ = {isa = PBXBuildFile; fileRef = 1841E4B02D2AA55D00EC7933 /* Emojis.plist */; };
		1841E4B32D2AA5B300EC7933 /* PickerCollectionViewDelegate.swift in Sources */ = {isa = PBXBuildFile; fileRef = 1841E4B22D2AA5B300EC7933 /* PickerCollectionViewDelegate.swift */; };
		1847BBAE2CE9D13200092A7A /* Date+weekday.swift in Sources */ = {isa = PBXBuildFile; fileRef = 1847BBAD2CE9D13200092A7A /* Date+weekday.swift */; };
		187FBB532CE4F9880079266A /* UndoButton.swift in Sources */ = {isa = PBXBuildFile; fileRef = 187FBB522CE4F9880079266A /* UndoButton.swift */; };
		187FBB552CE4FF900079266A /* ScheduleTableViewCell.swift in Sources */ = {isa = PBXBuildFile; fileRef = 187FBB542CE4FF900079266A /* ScheduleTableViewCell.swift */; };
		187FBB642CE5E82A0079266A /* TrackersViewModel.swift in Sources */ = {isa = PBXBuildFile; fileRef = 187FBB632CE5E82A0079266A /* TrackersViewModel.swift */; };
		1898D6542D1D9D2000EDCD42 /* TrackerCategorySection.swift in Sources */ = {isa = PBXBuildFile; fileRef = 1898D6532D1D9D2000EDCD42 /* TrackerCategorySection.swift */; };
		1898D6562D1D9D3100EDCD42 /* TrackerItem.swift in Sources */ = {isa = PBXBuildFile; fileRef = 1898D6552D1D9D3100EDCD42 /* TrackerItem.swift */; };
		1898D65A2D1F105900EDCD42 /* TrackerProvider.swift in Sources */ = {isa = PBXBuildFile; fileRef = 1898D6592D1F105900EDCD42 /* TrackerProvider.swift */; };
		1898D6622D218F8600EDCD42 /* Logger.swift in Sources */ = {isa = PBXBuildFile; fileRef = 1898D6612D218F8600EDCD42 /* Logger.swift */; };
		1898D6642D2196AA00EDCD42 /* TrackerCategoryProvider.swift in Sources */ = {isa = PBXBuildFile; fileRef = 1898D6632D2196AA00EDCD42 /* TrackerCategoryProvider.swift */; };
		189AC1392D0C59FE00717D6F /* ColorCollectionViewDataSource.swift in Sources */ = {isa = PBXBuildFile; fileRef = 189AC1382D0C59FE00717D6F /* ColorCollectionViewDataSource.swift */; };
		189AC13D2D0C5A1600717D6F /* ColorCollectionViewCell.swift in Sources */ = {isa = PBXBuildFile; fileRef = 189AC13C2D0C5A1600717D6F /* ColorCollectionViewCell.swift */; };
		189AC18F2D0F2D3F00717D6F /* TrackerModel.xcdatamodeld in Sources */ = {isa = PBXBuildFile; fileRef = 189AC18D2D0F2D3F00717D6F /* TrackerModel.xcdatamodeld */; };
		189AC19D2D0F32FC00717D6F /* CoreDataStack.swift in Sources */ = {isa = PBXBuildFile; fileRef = 189AC19C2D0F32FC00717D6F /* CoreDataStack.swift */; };
		189AC19F2D1001DA00717D6F /* TrackerStore.swift in Sources */ = {isa = PBXBuildFile; fileRef = 189AC19E2D1001DA00717D6F /* TrackerStore.swift */; };
		189AC1A12D1001EA00717D6F /* TrackerCategoryStore.swift in Sources */ = {isa = PBXBuildFile; fileRef = 189AC1A02D1001EA00717D6F /* TrackerCategoryStore.swift */; };
		189AC1A32D1001F200717D6F /* TrackerRecordStore.swift in Sources */ = {isa = PBXBuildFile; fileRef = 189AC1A22D1001F200717D6F /* TrackerRecordStore.swift */; };
		189AC1B92D106BB800717D6F /* TrackerCategoryCoreData.swift in Sources */ = {isa = PBXBuildFile; fileRef = 189AC1B32D106BB800717D6F /* TrackerCategoryCoreData.swift */; };
		189AC1BB2D106BB800717D6F /* TrackerRecordCoreData.swift in Sources */ = {isa = PBXBuildFile; fileRef = 189AC1B52D106BB800717D6F /* TrackerRecordCoreData.swift */; };
		189AC1BD2D106BB800717D6F /* TrackerCoreData.swift in Sources */ = {isa = PBXBuildFile; fileRef = 189AC1B72D106BB800717D6F /* TrackerCoreData.swift */; };
		189AC1C72D11A72C00717D6F /* UIColorTransformer.swift in Sources */ = {isa = PBXBuildFile; fileRef = 189AC1C62D11A72C00717D6F /* UIColorTransformer.swift */; };
		189AC1CF2D11BC3D00717D6F /* DataStore.swift in Sources */ = {isa = PBXBuildFile; fileRef = 189AC1CE2D11BC3D00717D6F /* DataStore.swift */; };
		189AC1D12D15B16F00717D6F /* Constants.swift in Sources */ = {isa = PBXBuildFile; fileRef = 189AC1D02D15B16F00717D6F /* Constants.swift */; };
		18CB8A002D0779C100BE9F71 /* TrackerEditingViewController.swift in Sources */ = {isa = PBXBuildFile; fileRef = 18CB89FF2D0779C100BE9F71 /* TrackerEditingViewController.swift */; };
		18CB8A022D077A0F00BE9F71 /* TrackerEditingViewModel.swift in Sources */ = {isa = PBXBuildFile; fileRef = 18CB8A012D077A0F00BE9F71 /* TrackerEditingViewModel.swift */; };
		18CB8A042D0897F900BE9F71 /* TrackerTitleTextFieldDelegate.swift in Sources */ = {isa = PBXBuildFile; fileRef = 18CB8A032D0897F900BE9F71 /* TrackerTitleTextFieldDelegate.swift */; };
		18CB8A072D08A26D00BE9F71 /* Utilities.swift in Sources */ = {isa = PBXBuildFile; fileRef = 18CB8A062D08A26D00BE9F71 /* Utilities.swift */; };
		18CB8A092D08B0E200BE9F71 /* CategoryAndScheduleTableViewDelegate.swift in Sources */ = {isa = PBXBuildFile; fileRef = 18CB8A082D08B0E200BE9F71 /* CategoryAndScheduleTableViewDelegate.swift */; };
		18CB8A0E2D0AD7AE00BE9F71 /* CategoryAndScheduleTableViewDataSource.swift in Sources */ = {isa = PBXBuildFile; fileRef = 18CB8A0D2D0AD7AE00BE9F71 /* CategoryAndScheduleTableViewDataSource.swift */; };
		18CB8A142D0B279D00BE9F71 /* TrackerScheduleViewController.swift in Sources */ = {isa = PBXBuildFile; fileRef = 18CB8A132D0B279D00BE9F71 /* TrackerScheduleViewController.swift */; };
		18CB8A182D0B27DB00BE9F71 /* TrackerScheduleViewModel.swift in Sources */ = {isa = PBXBuildFile; fileRef = 18CB8A172D0B27DB00BE9F71 /* TrackerScheduleViewModel.swift */; };
		18CB8A242D0C368D00BE9F71 /* UIColor+hexString.swift in Sources */ = {isa = PBXBuildFile; fileRef = 18CB8A232D0C368D00BE9F71 /* UIColor+hexString.swift */; };
		18CB8A272D0C3E5000BE9F71 /* EmojiCollectionViewDataSource.swift in Sources */ = {isa = PBXBuildFile; fileRef = 18CB8A262D0C3E5000BE9F71 /* EmojiCollectionViewDataSource.swift */; };
		18CB8A2B2D0C3F3300BE9F71 /* EmojiCollectionViewCell.swift in Sources */ = {isa = PBXBuildFile; fileRef = 18CB8A2A2D0C3F3300BE9F71 /* EmojiCollectionViewCell.swift */; };
		18CB8A2F2D0C449700BE9F71 /* PickerHeaderReusableView.swift in Sources */ = {isa = PBXBuildFile; fileRef = 18CB8A2E2D0C449700BE9F71 /* PickerHeaderReusableView.swift */; };
		18D20DEA2CDBF50B007E9083 /* TrackersViewController.swift in Sources */ = {isa = PBXBuildFile; fileRef = 18D20DE92CDBF50B007E9083 /* TrackersViewController.swift */; };
		18D20DED2CDBF6A6007E9083 /* PlaceholderView.swift in Sources */ = {isa = PBXBuildFile; fileRef = 18D20DEC2CDBF6A6007E9083 /* PlaceholderView.swift */; };
		18D20DF02CDBF8FB007E9083 /* UIView+extensions.swift in Sources */ = {isa = PBXBuildFile; fileRef = 18D20DEF2CDBF8FB007E9083 /* UIView+extensions.swift */; };
		18D20DF42CDC0811007E9083 /* StatisticsViewController.swift in Sources */ = {isa = PBXBuildFile; fileRef = 18D20DF32CDC0811007E9083 /* StatisticsViewController.swift */; };
		18D20DF62CDC084C007E9083 /* MainTabBarController.swift in Sources */ = {isa = PBXBuildFile; fileRef = 18D20DF52CDC084C007E9083 /* MainTabBarController.swift */; };
		18D20E232CDCF630007E9083 /* Tracker.swift in Sources */ = {isa = PBXBuildFile; fileRef = 18D20E222CDCF630007E9083 /* Tracker.swift */; };
		18D20E272CDCFAE0007E9083 /* TrackerCategory.swift in Sources */ = {isa = PBXBuildFile; fileRef = 18D20E262CDCFAE0007E9083 /* TrackerCategory.swift */; };
		18D20E292CDCFB5C007E9083 /* TrackerRecord.swift in Sources */ = {isa = PBXBuildFile; fileRef = 18D20E282CDCFB5C007E9083 /* TrackerRecord.swift */; };
		18D20E352CDD3CF7007E9083 /* FilledButton.swift in Sources */ = {isa = PBXBuildFile; fileRef = 18D20E342CDD3CF7007E9083 /* FilledButton.swift */; };
		18D20E3B2CDE5203007E9083 /* TrackerCollectionViewCell.swift in Sources */ = {isa = PBXBuildFile; fileRef = 18D20E3A2CDE5203007E9083 /* TrackerCollectionViewCell.swift */; };
		18D20E3F2CDE54AE007E9083 /* TrackerCardView.swift in Sources */ = {isa = PBXBuildFile; fileRef = 18D20E3E2CDE54AE007E9083 /* TrackerCardView.swift */; };
		18D20E4B2CDFEEAC007E9083 /* TrackerHeaderView.swift in Sources */ = {isa = PBXBuildFile; fileRef = 18D20E4A2CDFEEAC007E9083 /* TrackerHeaderView.swift */; };
/* End PBXBuildFile section */

/* Begin PBXFileReference section */
		180B5CAB2CDBD78E003FDE88 /* Tracker.app */ = {isa = PBXFileReference; explicitFileType = wrapper.application; includeInIndex = 0; path = Tracker.app; sourceTree = BUILT_PRODUCTS_DIR; };
		180B5CAE2CDBD78E003FDE88 /* AppDelegate.swift */ = {isa = PBXFileReference; lastKnownFileType = sourcecode.swift; path = AppDelegate.swift; sourceTree = "<group>"; };
		180B5CB02CDBD78E003FDE88 /* SceneDelegate.swift */ = {isa = PBXFileReference; lastKnownFileType = sourcecode.swift; path = SceneDelegate.swift; sourceTree = "<group>"; };
		180B5CB72CDBD78F003FDE88 /* Assets.xcassets */ = {isa = PBXFileReference; lastKnownFileType = folder.assetcatalog; path = Assets.xcassets; sourceTree = "<group>"; };
		180B5CBA2CDBD78F003FDE88 /* Base */ = {isa = PBXFileReference; lastKnownFileType = file.storyboard; name = Base; path = Base.lproj/LaunchScreen.storyboard; sourceTree = "<group>"; };
		180B5CBC2CDBD78F003FDE88 /* Info.plist */ = {isa = PBXFileReference; lastKnownFileType = text.plist.xml; path = Info.plist; sourceTree = "<group>"; };
		181F9EC12CFDD71E00B0F835 /* Weekday+toString.swift */ = {isa = PBXFileReference; lastKnownFileType = sourcecode.swift; path = "Weekday+toString.swift"; sourceTree = "<group>"; };
		181F9EC32CFDE76B00B0F835 /* TrackerQuery.swift */ = {isa = PBXFileReference; lastKnownFileType = sourcecode.swift; path = TrackerQuery.swift; sourceTree = "<group>"; };
		181F9EC82CFF96EB00B0F835 /* TrackersCollectionViewDelegate.swift */ = {isa = PBXFileReference; lastKnownFileType = sourcecode.swift; path = TrackersCollectionViewDelegate.swift; sourceTree = "<group>"; };
		181F9F1D2D04692C00B0F835 /* TrackerCellViewModel.swift */ = {isa = PBXFileReference; lastKnownFileType = sourcecode.swift; path = TrackerCellViewModel.swift; sourceTree = "<group>"; };
		181F9F722D07759100B0F835 /* TrackerCreationViewController.swift */ = {isa = PBXFileReference; fileEncoding = 4; lastKnownFileType = sourcecode.swift; path = TrackerCreationViewController.swift; sourceTree = "<group>"; };
		1841E4B02D2AA55D00EC7933 /* Emojis.plist */ = {isa = PBXFileReference; lastKnownFileType = text.plist.xml; path = Emojis.plist; sourceTree = "<group>"; };
		1841E4B22D2AA5B300EC7933 /* PickerCollectionViewDelegate.swift */ = {isa = PBXFileReference; lastKnownFileType = sourcecode.swift; path = PickerCollectionViewDelegate.swift; sourceTree = "<group>"; };
		1847BBAD2CE9D13200092A7A /* Date+weekday.swift */ = {isa = PBXFileReference; lastKnownFileType = sourcecode.swift; path = "Date+weekday.swift"; sourceTree = "<group>"; };
		187FBB522CE4F9880079266A /* UndoButton.swift */ = {isa = PBXFileReference; lastKnownFileType = sourcecode.swift; path = UndoButton.swift; sourceTree = "<group>"; };
		187FBB542CE4FF900079266A /* ScheduleTableViewCell.swift */ = {isa = PBXFileReference; lastKnownFileType = sourcecode.swift; path = ScheduleTableViewCell.swift; sourceTree = "<group>"; };
		187FBB632CE5E82A0079266A /* TrackersViewModel.swift */ = {isa = PBXFileReference; lastKnownFileType = sourcecode.swift; path = TrackersViewModel.swift; sourceTree = "<group>"; };
		1898D6532D1D9D2000EDCD42 /* TrackerCategorySection.swift */ = {isa = PBXFileReference; lastKnownFileType = sourcecode.swift; path = TrackerCategorySection.swift; sourceTree = "<group>"; };
		1898D6552D1D9D3100EDCD42 /* TrackerItem.swift */ = {isa = PBXFileReference; lastKnownFileType = sourcecode.swift; path = TrackerItem.swift; sourceTree = "<group>"; };
		1898D6592D1F105900EDCD42 /* TrackerProvider.swift */ = {isa = PBXFileReference; lastKnownFileType = sourcecode.swift; path = TrackerProvider.swift; sourceTree = "<group>"; };
		1898D6612D218F8600EDCD42 /* Logger.swift */ = {isa = PBXFileReference; lastKnownFileType = sourcecode.swift; path = Logger.swift; sourceTree = "<group>"; };
		1898D6632D2196AA00EDCD42 /* TrackerCategoryProvider.swift */ = {isa = PBXFileReference; lastKnownFileType = sourcecode.swift; path = TrackerCategoryProvider.swift; sourceTree = "<group>"; };
		189AC1382D0C59FE00717D6F /* ColorCollectionViewDataSource.swift */ = {isa = PBXFileReference; lastKnownFileType = sourcecode.swift; path = ColorCollectionViewDataSource.swift; sourceTree = "<group>"; };
		189AC13C2D0C5A1600717D6F /* ColorCollectionViewCell.swift */ = {isa = PBXFileReference; lastKnownFileType = sourcecode.swift; path = ColorCollectionViewCell.swift; sourceTree = "<group>"; };
		189AC18E2D0F2D3F00717D6F /* TrackerModel.xcdatamodel */ = {isa = PBXFileReference; lastKnownFileType = wrapper.xcdatamodel; path = TrackerModel.xcdatamodel; sourceTree = "<group>"; };
		189AC19C2D0F32FC00717D6F /* CoreDataStack.swift */ = {isa = PBXFileReference; lastKnownFileType = sourcecode.swift; path = CoreDataStack.swift; sourceTree = "<group>"; };
		189AC19E2D1001DA00717D6F /* TrackerStore.swift */ = {isa = PBXFileReference; lastKnownFileType = sourcecode.swift; path = TrackerStore.swift; sourceTree = "<group>"; };
		189AC1A02D1001EA00717D6F /* TrackerCategoryStore.swift */ = {isa = PBXFileReference; lastKnownFileType = sourcecode.swift; path = TrackerCategoryStore.swift; sourceTree = "<group>"; };
		189AC1A22D1001F200717D6F /* TrackerRecordStore.swift */ = {isa = PBXFileReference; lastKnownFileType = sourcecode.swift; path = TrackerRecordStore.swift; sourceTree = "<group>"; };
		189AC1B32D106BB800717D6F /* TrackerCategoryCoreData.swift */ = {isa = PBXFileReference; lastKnownFileType = sourcecode.swift; path = TrackerCategoryCoreData.swift; sourceTree = "<group>"; };
		189AC1B52D106BB800717D6F /* TrackerRecordCoreData.swift */ = {isa = PBXFileReference; lastKnownFileType = sourcecode.swift; path = TrackerRecordCoreData.swift; sourceTree = "<group>"; };
		189AC1B72D106BB800717D6F /* TrackerCoreData.swift */ = {isa = PBXFileReference; lastKnownFileType = sourcecode.swift; path = TrackerCoreData.swift; sourceTree = "<group>"; };
		189AC1C62D11A72C00717D6F /* UIColorTransformer.swift */ = {isa = PBXFileReference; lastKnownFileType = sourcecode.swift; path = UIColorTransformer.swift; sourceTree = "<group>"; };
		189AC1CE2D11BC3D00717D6F /* DataStore.swift */ = {isa = PBXFileReference; lastKnownFileType = sourcecode.swift; path = DataStore.swift; sourceTree = "<group>"; };
		189AC1D02D15B16F00717D6F /* Constants.swift */ = {isa = PBXFileReference; lastKnownFileType = sourcecode.swift; path = Constants.swift; sourceTree = "<group>"; };
		18CB89FF2D0779C100BE9F71 /* TrackerEditingViewController.swift */ = {isa = PBXFileReference; lastKnownFileType = sourcecode.swift; path = TrackerEditingViewController.swift; sourceTree = "<group>"; };
		18CB8A012D077A0F00BE9F71 /* TrackerEditingViewModel.swift */ = {isa = PBXFileReference; lastKnownFileType = sourcecode.swift; path = TrackerEditingViewModel.swift; sourceTree = "<group>"; };
		18CB8A032D0897F900BE9F71 /* TrackerTitleTextFieldDelegate.swift */ = {isa = PBXFileReference; lastKnownFileType = sourcecode.swift; path = TrackerTitleTextFieldDelegate.swift; sourceTree = "<group>"; };
		18CB8A062D08A26D00BE9F71 /* Utilities.swift */ = {isa = PBXFileReference; lastKnownFileType = sourcecode.swift; path = Utilities.swift; sourceTree = "<group>"; };
		18CB8A082D08B0E200BE9F71 /* CategoryAndScheduleTableViewDelegate.swift */ = {isa = PBXFileReference; lastKnownFileType = sourcecode.swift; path = CategoryAndScheduleTableViewDelegate.swift; sourceTree = "<group>"; };
		18CB8A0D2D0AD7AE00BE9F71 /* CategoryAndScheduleTableViewDataSource.swift */ = {isa = PBXFileReference; lastKnownFileType = sourcecode.swift; path = CategoryAndScheduleTableViewDataSource.swift; sourceTree = "<group>"; };
		18CB8A132D0B279D00BE9F71 /* TrackerScheduleViewController.swift */ = {isa = PBXFileReference; lastKnownFileType = sourcecode.swift; path = TrackerScheduleViewController.swift; sourceTree = "<group>"; };
		18CB8A172D0B27DB00BE9F71 /* TrackerScheduleViewModel.swift */ = {isa = PBXFileReference; lastKnownFileType = sourcecode.swift; path = TrackerScheduleViewModel.swift; sourceTree = "<group>"; };
		18CB8A232D0C368D00BE9F71 /* UIColor+hexString.swift */ = {isa = PBXFileReference; lastKnownFileType = sourcecode.swift; path = "UIColor+hexString.swift"; sourceTree = "<group>"; };
		18CB8A262D0C3E5000BE9F71 /* EmojiCollectionViewDataSource.swift */ = {isa = PBXFileReference; lastKnownFileType = sourcecode.swift; path = EmojiCollectionViewDataSource.swift; sourceTree = "<group>"; };
		18CB8A2A2D0C3F3300BE9F71 /* EmojiCollectionViewCell.swift */ = {isa = PBXFileReference; lastKnownFileType = sourcecode.swift; path = EmojiCollectionViewCell.swift; sourceTree = "<group>"; };
		18CB8A2E2D0C449700BE9F71 /* PickerHeaderReusableView.swift */ = {isa = PBXFileReference; lastKnownFileType = sourcecode.swift; path = PickerHeaderReusableView.swift; sourceTree = "<group>"; };
		18D20DE92CDBF50B007E9083 /* TrackersViewController.swift */ = {isa = PBXFileReference; lastKnownFileType = sourcecode.swift; path = TrackersViewController.swift; sourceTree = "<group>"; };
		18D20DEC2CDBF6A6007E9083 /* PlaceholderView.swift */ = {isa = PBXFileReference; lastKnownFileType = sourcecode.swift; path = PlaceholderView.swift; sourceTree = "<group>"; };
		18D20DEF2CDBF8FB007E9083 /* UIView+extensions.swift */ = {isa = PBXFileReference; lastKnownFileType = sourcecode.swift; path = "UIView+extensions.swift"; sourceTree = "<group>"; };
		18D20DF32CDC0811007E9083 /* StatisticsViewController.swift */ = {isa = PBXFileReference; lastKnownFileType = sourcecode.swift; path = StatisticsViewController.swift; sourceTree = "<group>"; };
		18D20DF52CDC084C007E9083 /* MainTabBarController.swift */ = {isa = PBXFileReference; lastKnownFileType = sourcecode.swift; path = MainTabBarController.swift; sourceTree = "<group>"; };
		18D20E222CDCF630007E9083 /* Tracker.swift */ = {isa = PBXFileReference; lastKnownFileType = sourcecode.swift; path = Tracker.swift; sourceTree = "<group>"; };
		18D20E262CDCFAE0007E9083 /* TrackerCategory.swift */ = {isa = PBXFileReference; lastKnownFileType = sourcecode.swift; path = TrackerCategory.swift; sourceTree = "<group>"; };
		18D20E282CDCFB5C007E9083 /* TrackerRecord.swift */ = {isa = PBXFileReference; lastKnownFileType = sourcecode.swift; path = TrackerRecord.swift; sourceTree = "<group>"; };
		18D20E342CDD3CF7007E9083 /* FilledButton.swift */ = {isa = PBXFileReference; lastKnownFileType = sourcecode.swift; path = FilledButton.swift; sourceTree = "<group>"; };
		18D20E3A2CDE5203007E9083 /* TrackerCollectionViewCell.swift */ = {isa = PBXFileReference; lastKnownFileType = sourcecode.swift; path = TrackerCollectionViewCell.swift; sourceTree = "<group>"; };
		18D20E3E2CDE54AE007E9083 /* TrackerCardView.swift */ = {isa = PBXFileReference; lastKnownFileType = sourcecode.swift; path = TrackerCardView.swift; sourceTree = "<group>"; };
		18D20E4A2CDFEEAC007E9083 /* TrackerHeaderView.swift */ = {isa = PBXFileReference; lastKnownFileType = sourcecode.swift; path = TrackerHeaderView.swift; sourceTree = "<group>"; };
/* End PBXFileReference section */

/* Begin PBXFrameworksBuildPhase section */
		180B5CA82CDBD78E003FDE88 /* Frameworks */ = {
			isa = PBXFrameworksBuildPhase;
			buildActionMask = 2147483647;
			files = (
			);
			runOnlyForDeploymentPostprocessing = 0;
		};
/* End PBXFrameworksBuildPhase section */

/* Begin PBXGroup section */
		180B5CA22CDBD78E003FDE88 = {
			isa = PBXGroup;
			children = (
				180B5CAD2CDBD78E003FDE88 /* Tracker */,
				180B5CAC2CDBD78E003FDE88 /* Products */,
			);
			sourceTree = "<group>";
		};
		180B5CAC2CDBD78E003FDE88 /* Products */ = {
			isa = PBXGroup;
			children = (
				180B5CAB2CDBD78E003FDE88 /* Tracker.app */,
			);
			name = Products;
			sourceTree = "<group>";
		};
		180B5CAD2CDBD78E003FDE88 /* Tracker */ = {
			isa = PBXGroup;
			children = (
				180B5CC32CDBD912003FDE88 /* Application */,
				181F9EBD2CFD8DD700B0F835 /* Domain */,
				189AC1D72D182B7500717D6F /* Model */,
				18D20E2D2CDD2290007E9083 /* Presentation */,
				18D20E422CDF4451007E9083 /* Persistence */,
				1898D6602D218F7A00EDCD42 /* Logging */,
				18D20E302CDD22ED007E9083 /* Common */,
				180B5CC22CDBD90A003FDE88 /* Resources */,
			);
			path = Tracker;
			sourceTree = "<group>";
		};
		180B5CC22CDBD90A003FDE88 /* Resources */ = {
			isa = PBXGroup;
			children = (
				180B5CB72CDBD78F003FDE88 /* Assets.xcassets */,
				180B5CB92CDBD78F003FDE88 /* LaunchScreen.storyboard */,
				180B5CBC2CDBD78F003FDE88 /* Info.plist */,
			);
			path = Resources;
			sourceTree = "<group>";
		};
		180B5CC32CDBD912003FDE88 /* Application */ = {
			isa = PBXGroup;
			children = (
				180B5CAE2CDBD78E003FDE88 /* AppDelegate.swift */,
				180B5CB02CDBD78E003FDE88 /* SceneDelegate.swift */,
			);
			path = Application;
			sourceTree = "<group>";
		};
		181F9EBD2CFD8DD700B0F835 /* Domain */ = {
			isa = PBXGroup;
			children = (
				18D20E222CDCF630007E9083 /* Tracker.swift */,
				18D20E262CDCFAE0007E9083 /* TrackerCategory.swift */,
				18D20E282CDCFB5C007E9083 /* TrackerRecord.swift */,
				181F9EC32CFDE76B00B0F835 /* TrackerQuery.swift */,
			);
			path = Domain;
			sourceTree = "<group>";
		};
		181F9EBF2CFD8E5100B0F835 /* View */ = {
			isa = PBXGroup;
			children = (
				18D20DE92CDBF50B007E9083 /* TrackersViewController.swift */,
				181F9EC82CFF96EB00B0F835 /* TrackersCollectionViewDelegate.swift */,
				1898D6522D1D9D0C00EDCD42 /* DiffableDataSource */,
				181F9F1F2D048B0B00B0F835 /* ReusableViews */,
			);
			path = View;
			sourceTree = "<group>";
		};
		181F9F1F2D048B0B00B0F835 /* ReusableViews */ = {
			isa = PBXGroup;
			children = (
				181F9F552D05BD8500B0F835 /* TrackerCell */,
				18D20E4A2CDFEEAC007E9083 /* TrackerHeaderView.swift */,
			);
			path = ReusableViews;
			sourceTree = "<group>";
		};
		181F9F552D05BD8500B0F835 /* TrackerCell */ = {
			isa = PBXGroup;
			children = (
				18D20E3A2CDE5203007E9083 /* TrackerCollectionViewCell.swift */,
				18D20E3E2CDE54AE007E9083 /* TrackerCardView.swift */,
			);
			path = TrackerCell;
			sourceTree = "<group>";
		};
		181F9F5A2D05E38700B0F835 /* TabBar */ = {
			isa = PBXGroup;
			children = (
				18D20DF52CDC084C007E9083 /* MainTabBarController.swift */,
			);
			path = TabBar;
			sourceTree = "<group>";
		};
		181F9F5F2D05F10700B0F835 /* Placeholder */ = {
			isa = PBXGroup;
			children = (
				18D20DEC2CDBF6A6007E9083 /* PlaceholderView.swift */,
			);
			path = Placeholder;
			sourceTree = "<group>";
		};
		181F9F612D05F5FB00B0F835 /* Buttons */ = {
			isa = PBXGroup;
			children = (
				18D20E342CDD3CF7007E9083 /* FilledButton.swift */,
				187FBB522CE4F9880079266A /* UndoButton.swift */,
			);
			path = Buttons;
			sourceTree = "<group>";
		};
		181F9F682D06FC0A00B0F835 /* Helpers */ = {
			isa = PBXGroup;
			children = (
				18CB8A062D08A26D00BE9F71 /* Utilities.swift */,
				189AC1D02D15B16F00717D6F /* Constants.swift */,
			);
			path = Helpers;
			sourceTree = "<group>";
		};
		1841E4B42D2AA78900EC7933 /* ColorCollectionView */ = {
			isa = PBXGroup;
			children = (
				189AC1382D0C59FE00717D6F /* ColorCollectionViewDataSource.swift */,
				189AC13C2D0C5A1600717D6F /* ColorCollectionViewCell.swift */,
			);
			path = ColorCollectionView;
			sourceTree = "<group>";
		};
		187FBB5D2CE545F30079266A /* ViewModel */ = {
			isa = PBXGroup;
			children = (
				187FBB632CE5E82A0079266A /* TrackersViewModel.swift */,
				181F9F1D2D04692C00B0F835 /* TrackerCellViewModel.swift */,
			);
			path = ViewModel;
			sourceTree = "<group>";
		};
		1898D6522D1D9D0C00EDCD42 /* DiffableDataSource */ = {
			isa = PBXGroup;
			children = (
				1898D6532D1D9D2000EDCD42 /* TrackerCategorySection.swift */,
				1898D6552D1D9D3100EDCD42 /* TrackerItem.swift */,
			);
			path = DiffableDataSource;
			sourceTree = "<group>";
		};
		1898D65B2D1F170500EDCD42 /* DataProviders */ = {
			isa = PBXGroup;
			children = (
				1898D6592D1F105900EDCD42 /* TrackerProvider.swift */,
				1898D6632D2196AA00EDCD42 /* TrackerCategoryProvider.swift */,
			);
			path = DataProviders;
			sourceTree = "<group>";
		};
		1898D6602D218F7A00EDCD42 /* Logging */ = {
			isa = PBXGroup;
			children = (
				1898D6612D218F8600EDCD42 /* Logger.swift */,
			);
			path = Logging;
			sourceTree = "<group>";
		};
		189AC18C2D0F2D1600717D6F /* ManagedObjects */ = {
			isa = PBXGroup;
			children = (
				189AC1B72D106BB800717D6F /* TrackerCoreData.swift */,
				189AC1B32D106BB800717D6F /* TrackerCategoryCoreData.swift */,
				189AC1B52D106BB800717D6F /* TrackerRecordCoreData.swift */,
			);
			path = ManagedObjects;
			sourceTree = "<group>";
		};
		189AC1C12D108E0600717D6F /* ValueTransformers */ = {
			isa = PBXGroup;
			children = (
				189AC1C62D11A72C00717D6F /* UIColorTransformer.swift */,
			);
			path = ValueTransformers;
			sourceTree = "<group>";
		};
		189AC1D22D15B1D200717D6F /* Stores */ = {
			isa = PBXGroup;
			children = (
				189AC1CE2D11BC3D00717D6F /* DataStore.swift */,
				189AC19E2D1001DA00717D6F /* TrackerStore.swift */,
				189AC1A02D1001EA00717D6F /* TrackerCategoryStore.swift */,
				189AC1A22D1001F200717D6F /* TrackerRecordStore.swift */,
			);
			path = Stores;
			sourceTree = "<group>";
		};
		189AC1D72D182B7500717D6F /* Model */ = {
			isa = PBXGroup;
			children = (
				189AC18D2D0F2D3F00717D6F /* TrackerModel.xcdatamodeld */,
				189AC18C2D0F2D1600717D6F /* ManagedObjects */,
			);
			path = Model;
			sourceTree = "<group>";
		};
		18CB89FC2D07799100BE9F71 /* TrackerEditing */ = {
			isa = PBXGroup;
			children = (
				18CB89FD2D0779A200BE9F71 /* View */,
				18CB89FE2D0779A700BE9F71 /* ViewModel */,
			);
			path = TrackerEditing;
			sourceTree = "<group>";
		};
		18CB89FD2D0779A200BE9F71 /* View */ = {
			isa = PBXGroup;
			children = (
				18CB89FF2D0779C100BE9F71 /* TrackerEditingViewController.swift */,
				18CB8A032D0897F900BE9F71 /* TrackerTitleTextFieldDelegate.swift */,
				18CB8A0C2D0AD72100BE9F71 /* CategoryAndScheduleTableView */,
				18CB8A2C2D0C3F6000BE9F71 /* PickerCollectionViews */,
			);
			path = View;
			sourceTree = "<group>";
		};
		18CB89FE2D0779A700BE9F71 /* ViewModel */ = {
			isa = PBXGroup;
			children = (
				18CB8A012D077A0F00BE9F71 /* TrackerEditingViewModel.swift */,
			);
			path = ViewModel;
			sourceTree = "<group>";
		};
		18CB8A0C2D0AD72100BE9F71 /* CategoryAndScheduleTableView */ = {
			isa = PBXGroup;
			children = (
				18CB8A082D08B0E200BE9F71 /* CategoryAndScheduleTableViewDelegate.swift */,
				18CB8A0D2D0AD7AE00BE9F71 /* CategoryAndScheduleTableViewDataSource.swift */,
			);
			path = CategoryAndScheduleTableView;
			sourceTree = "<group>";
		};
		18CB8A102D0B277F00BE9F71 /* TrackerSchedule */ = {
			isa = PBXGroup;
			children = (
				18CB8A112D0B278900BE9F71 /* View */,
				18CB8A122D0B278B00BE9F71 /* ViewModel */,
			);
			path = TrackerSchedule;
			sourceTree = "<group>";
		};
		18CB8A112D0B278900BE9F71 /* View */ = {
			isa = PBXGroup;
			children = (
				18CB8A132D0B279D00BE9F71 /* TrackerScheduleViewController.swift */,
				187FBB542CE4FF900079266A /* ScheduleTableViewCell.swift */,
			);
			path = View;
			sourceTree = "<group>";
		};
		18CB8A122D0B278B00BE9F71 /* ViewModel */ = {
			isa = PBXGroup;
			children = (
				18CB8A172D0B27DB00BE9F71 /* TrackerScheduleViewModel.swift */,
			);
			path = ViewModel;
			sourceTree = "<group>";
		};
		18CB8A2C2D0C3F6000BE9F71 /* PickerCollectionViews */ = {
			isa = PBXGroup;
			children = (
				1841E4B22D2AA5B300EC7933 /* PickerCollectionViewDelegate.swift */,
				18CB8A2E2D0C449700BE9F71 /* PickerHeaderReusableView.swift */,
				1841E4B42D2AA78900EC7933 /* ColorCollectionView */,
				18CB8A2D2D0C3F6900BE9F71 /* EmojiCollectionView */,
			);
			path = PickerCollectionViews;
			sourceTree = "<group>";
		};
		18CB8A2D2D0C3F6900BE9F71 /* EmojiCollectionView */ = {
			isa = PBXGroup;
			children = (
				1841E4B02D2AA55D00EC7933 /* Emojis.plist */,
				18CB8A262D0C3E5000BE9F71 /* EmojiCollectionViewDataSource.swift */,
				18CB8A2A2D0C3F3300BE9F71 /* EmojiCollectionViewCell.swift */,
			);
			path = EmojiCollectionView;
			sourceTree = "<group>";
		};
		18D20DEE2CDBF8DC007E9083 /* Extensions */ = {
			isa = PBXGroup;
			children = (
				18D20DEF2CDBF8FB007E9083 /* UIView+extensions.swift */,
				1847BBAD2CE9D13200092A7A /* Date+weekday.swift */,
				181F9EC12CFDD71E00B0F835 /* Weekday+toString.swift */,
				18CB8A232D0C368D00BE9F71 /* UIColor+hexString.swift */,
			);
			path = Extensions;
			sourceTree = "<group>";
		};
		18D20E2D2CDD2290007E9083 /* Presentation */ = {
			isa = PBXGroup;
			children = (
				181F9F5A2D05E38700B0F835 /* TabBar */,
				18D20E562CE27E7C007E9083 /* Trackers */,
				18D20E2F2CDD22A1007E9083 /* Statistics */,
				18D20E592CE27F73007E9083 /* TrackerCreation */,
				18CB89FC2D07799100BE9F71 /* TrackerEditing */,
				18CB8A102D0B277F00BE9F71 /* TrackerSchedule */,
			);
			path = Presentation;
			sourceTree = "<group>";
		};
		18D20E2F2CDD22A1007E9083 /* Statistics */ = {
			isa = PBXGroup;
			children = (
				18D20DF32CDC0811007E9083 /* StatisticsViewController.swift */,
			);
			path = Statistics;
			sourceTree = "<group>";
		};
		18D20E302CDD22ED007E9083 /* Common */ = {
			isa = PBXGroup;
			children = (
				189AC1C12D108E0600717D6F /* ValueTransformers */,
				181F9F682D06FC0A00B0F835 /* Helpers */,
				18D20DEE2CDBF8DC007E9083 /* Extensions */,
				18D20E312CDD2318007E9083 /* Views */,
			);
			path = Common;
			sourceTree = "<group>";
		};
		18D20E312CDD2318007E9083 /* Views */ = {
			isa = PBXGroup;
			children = (
				181F9F5F2D05F10700B0F835 /* Placeholder */,
				181F9F612D05F5FB00B0F835 /* Buttons */,
			);
			path = Views;
			sourceTree = "<group>";
		};
		18D20E422CDF4451007E9083 /* Persistence */ = {
			isa = PBXGroup;
			children = (
				189AC19C2D0F32FC00717D6F /* CoreDataStack.swift */,
				189AC1D22D15B1D200717D6F /* Stores */,
				1898D65B2D1F170500EDCD42 /* DataProviders */,
			);
			path = Persistence;
			sourceTree = "<group>";
		};
		18D20E562CE27E7C007E9083 /* Trackers */ = {
			isa = PBXGroup;
			children = (
				181F9EBF2CFD8E5100B0F835 /* View */,
				187FBB5D2CE545F30079266A /* ViewModel */,
			);
			name = Trackers;
			path = Trackers/Trackers;
			sourceTree = "<group>";
		};
		18D20E592CE27F73007E9083 /* TrackerCreation */ = {
			isa = PBXGroup;
			children = (
				181F9F722D07759100B0F835 /* TrackerCreationViewController.swift */,
			);
			path = TrackerCreation;
			sourceTree = "<group>";
		};
/* End PBXGroup section */

/* Begin PBXNativeTarget section */
		180B5CAA2CDBD78E003FDE88 /* Tracker */ = {
			isa = PBXNativeTarget;
			buildConfigurationList = 180B5CBF2CDBD78F003FDE88 /* Build configuration list for PBXNativeTarget "Tracker" */;
			buildPhases = (
				180B5CA72CDBD78E003FDE88 /* Sources */,
				180B5CA82CDBD78E003FDE88 /* Frameworks */,
				180B5CA92CDBD78E003FDE88 /* Resources */,
			);
			buildRules = (
			);
			dependencies = (
			);
			name = Tracker;
			productName = Tracker;
			productReference = 180B5CAB2CDBD78E003FDE88 /* Tracker.app */;
			productType = "com.apple.product-type.application";
		};
/* End PBXNativeTarget section */

/* Begin PBXProject section */
		180B5CA32CDBD78E003FDE88 /* Project object */ = {
			isa = PBXProject;
			attributes = {
				BuildIndependentTargetsInParallel = 1;
				LastSwiftUpdateCheck = 1540;
				LastUpgradeCheck = 1540;
				TargetAttributes = {
					180B5CAA2CDBD78E003FDE88 = {
						CreatedOnToolsVersion = 15.4;
					};
				};
			};
			buildConfigurationList = 180B5CA62CDBD78E003FDE88 /* Build configuration list for PBXProject "Tracker" */;
			compatibilityVersion = "Xcode 14.0";
			developmentRegion = en;
			hasScannedForEncodings = 0;
			knownRegions = (
				en,
				Base,
			);
			mainGroup = 180B5CA22CDBD78E003FDE88;
			productRefGroup = 180B5CAC2CDBD78E003FDE88 /* Products */;
			projectDirPath = "";
			projectRoot = "";
			targets = (
				180B5CAA2CDBD78E003FDE88 /* Tracker */,
			);
		};
/* End PBXProject section */

/* Begin PBXResourcesBuildPhase section */
		180B5CA92CDBD78E003FDE88 /* Resources */ = {
			isa = PBXResourcesBuildPhase;
			buildActionMask = 2147483647;
			files = (
				1841E4B12D2AA55D00EC7933 /* Emojis.plist in Resources */,
				180B5CB82CDBD78F003FDE88 /* Assets.xcassets in Resources */,
				180B5CBB2CDBD78F003FDE88 /* Base in Resources */,
			);
			runOnlyForDeploymentPostprocessing = 0;
		};
/* End PBXResourcesBuildPhase section */

/* Begin PBXSourcesBuildPhase section */
		180B5CA72CDBD78E003FDE88 /* Sources */ = {
			isa = PBXSourcesBuildPhase;
			buildActionMask = 2147483647;
			files = (
				1841E4B32D2AA5B300EC7933 /* PickerCollectionViewDelegate.swift in Sources */,
				181F9F752D07759100B0F835 /* TrackerCreationViewController.swift in Sources */,
				18D20DF02CDBF8FB007E9083 /* UIView+extensions.swift in Sources */,
				189AC1B92D106BB800717D6F /* TrackerCategoryCoreData.swift in Sources */,
				189AC1BB2D106BB800717D6F /* TrackerRecordCoreData.swift in Sources */,
				189AC1BD2D106BB800717D6F /* TrackerCoreData.swift in Sources */,
				18D20DF62CDC084C007E9083 /* MainTabBarController.swift in Sources */,
				180B5CAF2CDBD78E003FDE88 /* AppDelegate.swift in Sources */,
				189AC1CF2D11BC3D00717D6F /* DataStore.swift in Sources */,
				18D20E3F2CDE54AE007E9083 /* TrackerCardView.swift in Sources */,
				189AC19F2D1001DA00717D6F /* TrackerStore.swift in Sources */,
				189AC1C72D11A72C00717D6F /* UIColorTransformer.swift in Sources */,
				18CB8A2B2D0C3F3300BE9F71 /* EmojiCollectionViewCell.swift in Sources */,
				18CB8A272D0C3E5000BE9F71 /* EmojiCollectionViewDataSource.swift in Sources */,
				189AC13D2D0C5A1600717D6F /* ColorCollectionViewCell.swift in Sources */,
				18CB8A092D08B0E200BE9F71 /* CategoryAndScheduleTableViewDelegate.swift in Sources */,
				1898D6642D2196AA00EDCD42 /* TrackerCategoryProvider.swift in Sources */,
				187FBB552CE4FF900079266A /* ScheduleTableViewCell.swift in Sources */,
				181F9EC22CFDD71E00B0F835 /* Weekday+toString.swift in Sources */,
				1898D6542D1D9D2000EDCD42 /* TrackerCategorySection.swift in Sources */,
				18D20E352CDD3CF7007E9083 /* FilledButton.swift in Sources */,
				189AC1A12D1001EA00717D6F /* TrackerCategoryStore.swift in Sources */,
				1847BBAE2CE9D13200092A7A /* Date+weekday.swift in Sources */,
				18D20E232CDCF630007E9083 /* Tracker.swift in Sources */,
				1898D65A2D1F105900EDCD42 /* TrackerProvider.swift in Sources */,
				189AC19D2D0F32FC00717D6F /* CoreDataStack.swift in Sources */,
				18CB8A042D0897F900BE9F71 /* TrackerTitleTextFieldDelegate.swift in Sources */,
				18CB8A242D0C368D00BE9F71 /* UIColor+hexString.swift in Sources */,
				181F9EC92CFF96EB00B0F835 /* TrackersCollectionViewDelegate.swift in Sources */,
				181F9F1E2D04692C00B0F835 /* TrackerCellViewModel.swift in Sources */,
				18D20DEA2CDBF50B007E9083 /* TrackersViewController.swift in Sources */,
				18D20E292CDCFB5C007E9083 /* TrackerRecord.swift in Sources */,
				18CB8A002D0779C100BE9F71 /* TrackerEditingViewController.swift in Sources */,
				18CB8A142D0B279D00BE9F71 /* TrackerScheduleViewController.swift in Sources */,
				1898D6562D1D9D3100EDCD42 /* TrackerItem.swift in Sources */,
				18CB8A2F2D0C449700BE9F71 /* PickerHeaderReusableView.swift in Sources */,
				18CB8A022D077A0F00BE9F71 /* TrackerEditingViewModel.swift in Sources */,
				181F9EC42CFDE76B00B0F835 /* TrackerQuery.swift in Sources */,
				189AC1392D0C59FE00717D6F /* ColorCollectionViewDataSource.swift in Sources */,
				18D20DED2CDBF6A6007E9083 /* PlaceholderView.swift in Sources */,
				187FBB532CE4F9880079266A /* UndoButton.swift in Sources */,
				18CB8A072D08A26D00BE9F71 /* Utilities.swift in Sources */,
				189AC1D12D15B16F00717D6F /* Constants.swift in Sources */,
				180B5CB12CDBD78E003FDE88 /* SceneDelegate.swift in Sources */,
				189AC18F2D0F2D3F00717D6F /* TrackerModel.xcdatamodeld in Sources */,
				18CB8A182D0B27DB00BE9F71 /* TrackerScheduleViewModel.swift in Sources */,
				1898D6622D218F8600EDCD42 /* Logger.swift in Sources */,
				18D20E3B2CDE5203007E9083 /* TrackerCollectionViewCell.swift in Sources */,
				18CB8A0E2D0AD7AE00BE9F71 /* CategoryAndScheduleTableViewDataSource.swift in Sources */,
				18D20DF42CDC0811007E9083 /* StatisticsViewController.swift in Sources */,
				189AC1A32D1001F200717D6F /* TrackerRecordStore.swift in Sources */,
				187FBB642CE5E82A0079266A /* TrackersViewModel.swift in Sources */,
				18D20E272CDCFAE0007E9083 /* TrackerCategory.swift in Sources */,
				18D20E4B2CDFEEAC007E9083 /* TrackerHeaderView.swift in Sources */,
			);
			runOnlyForDeploymentPostprocessing = 0;
		};
/* End PBXSourcesBuildPhase section */

/* Begin PBXVariantGroup section */
		180B5CB92CDBD78F003FDE88 /* LaunchScreen.storyboard */ = {
			isa = PBXVariantGroup;
			children = (
				180B5CBA2CDBD78F003FDE88 /* Base */,
			);
			name = LaunchScreen.storyboard;
			sourceTree = "<group>";
		};
/* End PBXVariantGroup section */

/* Begin XCBuildConfiguration section */
		180B5CBD2CDBD78F003FDE88 /* Debug */ = {
			isa = XCBuildConfiguration;
			buildSettings = {
				ALWAYS_SEARCH_USER_PATHS = NO;
				ASSETCATALOG_COMPILER_GENERATE_SWIFT_ASSET_SYMBOL_EXTENSIONS = YES;
				CLANG_ANALYZER_NONNULL = YES;
				CLANG_ANALYZER_NUMBER_OBJECT_CONVERSION = YES_AGGRESSIVE;
				CLANG_CXX_LANGUAGE_STANDARD = "gnu++20";
				CLANG_ENABLE_MODULES = YES;
				CLANG_ENABLE_OBJC_ARC = YES;
				CLANG_ENABLE_OBJC_WEAK = YES;
				CLANG_WARN_BLOCK_CAPTURE_AUTORELEASING = YES;
				CLANG_WARN_BOOL_CONVERSION = YES;
				CLANG_WARN_COMMA = YES;
				CLANG_WARN_CONSTANT_CONVERSION = YES;
				CLANG_WARN_DEPRECATED_OBJC_IMPLEMENTATIONS = YES;
				CLANG_WARN_DIRECT_OBJC_ISA_USAGE = YES_ERROR;
				CLANG_WARN_DOCUMENTATION_COMMENTS = YES;
				CLANG_WARN_EMPTY_BODY = YES;
				CLANG_WARN_ENUM_CONVERSION = YES;
				CLANG_WARN_INFINITE_RECURSION = YES;
				CLANG_WARN_INT_CONVERSION = YES;
				CLANG_WARN_NON_LITERAL_NULL_CONVERSION = YES;
				CLANG_WARN_OBJC_IMPLICIT_RETAIN_SELF = YES;
				CLANG_WARN_OBJC_LITERAL_CONVERSION = YES;
				CLANG_WARN_OBJC_ROOT_CLASS = YES_ERROR;
				CLANG_WARN_QUOTED_INCLUDE_IN_FRAMEWORK_HEADER = YES;
				CLANG_WARN_RANGE_LOOP_ANALYSIS = YES;
				CLANG_WARN_STRICT_PROTOTYPES = YES;
				CLANG_WARN_SUSPICIOUS_MOVE = YES;
				CLANG_WARN_UNGUARDED_AVAILABILITY = YES_AGGRESSIVE;
				CLANG_WARN_UNREACHABLE_CODE = YES;
				CLANG_WARN__DUPLICATE_METHOD_MATCH = YES;
				COPY_PHASE_STRIP = NO;
				DEBUG_INFORMATION_FORMAT = dwarf;
				ENABLE_STRICT_OBJC_MSGSEND = YES;
				ENABLE_TESTABILITY = YES;
				ENABLE_USER_SCRIPT_SANDBOXING = YES;
				GCC_C_LANGUAGE_STANDARD = gnu17;
				GCC_DYNAMIC_NO_PIC = NO;
				GCC_NO_COMMON_BLOCKS = YES;
				GCC_OPTIMIZATION_LEVEL = 0;
				GCC_PREPROCESSOR_DEFINITIONS = (
					"DEBUG=1",
					"$(inherited)",
				);
				GCC_WARN_64_TO_32_BIT_CONVERSION = YES;
				GCC_WARN_ABOUT_RETURN_TYPE = YES_ERROR;
				GCC_WARN_UNDECLARED_SELECTOR = YES;
				GCC_WARN_UNINITIALIZED_AUTOS = YES_AGGRESSIVE;
				GCC_WARN_UNUSED_FUNCTION = YES;
				GCC_WARN_UNUSED_VARIABLE = YES;
				IPHONEOS_DEPLOYMENT_TARGET = 13.4;
				LOCALIZATION_PREFERS_STRING_CATALOGS = YES;
				MTL_ENABLE_DEBUG_INFO = INCLUDE_SOURCE;
				MTL_FAST_MATH = YES;
				ONLY_ACTIVE_ARCH = YES;
				SDKROOT = iphoneos;
				SWIFT_ACTIVE_COMPILATION_CONDITIONS = "DEBUG $(inherited)";
				SWIFT_OPTIMIZATION_LEVEL = "-Onone";
			};
			name = Debug;
		};
		180B5CBE2CDBD78F003FDE88 /* Release */ = {
			isa = XCBuildConfiguration;
			buildSettings = {
				ALWAYS_SEARCH_USER_PATHS = NO;
				ASSETCATALOG_COMPILER_GENERATE_SWIFT_ASSET_SYMBOL_EXTENSIONS = YES;
				CLANG_ANALYZER_NONNULL = YES;
				CLANG_ANALYZER_NUMBER_OBJECT_CONVERSION = YES_AGGRESSIVE;
				CLANG_CXX_LANGUAGE_STANDARD = "gnu++20";
				CLANG_ENABLE_MODULES = YES;
				CLANG_ENABLE_OBJC_ARC = YES;
				CLANG_ENABLE_OBJC_WEAK = YES;
				CLANG_WARN_BLOCK_CAPTURE_AUTORELEASING = YES;
				CLANG_WARN_BOOL_CONVERSION = YES;
				CLANG_WARN_COMMA = YES;
				CLANG_WARN_CONSTANT_CONVERSION = YES;
				CLANG_WARN_DEPRECATED_OBJC_IMPLEMENTATIONS = YES;
				CLANG_WARN_DIRECT_OBJC_ISA_USAGE = YES_ERROR;
				CLANG_WARN_DOCUMENTATION_COMMENTS = YES;
				CLANG_WARN_EMPTY_BODY = YES;
				CLANG_WARN_ENUM_CONVERSION = YES;
				CLANG_WARN_INFINITE_RECURSION = YES;
				CLANG_WARN_INT_CONVERSION = YES;
				CLANG_WARN_NON_LITERAL_NULL_CONVERSION = YES;
				CLANG_WARN_OBJC_IMPLICIT_RETAIN_SELF = YES;
				CLANG_WARN_OBJC_LITERAL_CONVERSION = YES;
				CLANG_WARN_OBJC_ROOT_CLASS = YES_ERROR;
				CLANG_WARN_QUOTED_INCLUDE_IN_FRAMEWORK_HEADER = YES;
				CLANG_WARN_RANGE_LOOP_ANALYSIS = YES;
				CLANG_WARN_STRICT_PROTOTYPES = YES;
				CLANG_WARN_SUSPICIOUS_MOVE = YES;
				CLANG_WARN_UNGUARDED_AVAILABILITY = YES_AGGRESSIVE;
				CLANG_WARN_UNREACHABLE_CODE = YES;
				CLANG_WARN__DUPLICATE_METHOD_MATCH = YES;
				COPY_PHASE_STRIP = NO;
				DEBUG_INFORMATION_FORMAT = "dwarf-with-dsym";
				ENABLE_NS_ASSERTIONS = NO;
				ENABLE_STRICT_OBJC_MSGSEND = YES;
				ENABLE_USER_SCRIPT_SANDBOXING = YES;
				GCC_C_LANGUAGE_STANDARD = gnu17;
				GCC_NO_COMMON_BLOCKS = YES;
				GCC_WARN_64_TO_32_BIT_CONVERSION = YES;
				GCC_WARN_ABOUT_RETURN_TYPE = YES_ERROR;
				GCC_WARN_UNDECLARED_SELECTOR = YES;
				GCC_WARN_UNINITIALIZED_AUTOS = YES_AGGRESSIVE;
				GCC_WARN_UNUSED_FUNCTION = YES;
				GCC_WARN_UNUSED_VARIABLE = YES;
				IPHONEOS_DEPLOYMENT_TARGET = 13.4;
				LOCALIZATION_PREFERS_STRING_CATALOGS = YES;
				MTL_ENABLE_DEBUG_INFO = NO;
				MTL_FAST_MATH = YES;
				SDKROOT = iphoneos;
				SWIFT_COMPILATION_MODE = wholemodule;
				VALIDATE_PRODUCT = YES;
			};
			name = Release;
		};
		180B5CC02CDBD78F003FDE88 /* Debug */ = {
			isa = XCBuildConfiguration;
			buildSettings = {
				ASSETCATALOG_COMPILER_APPICON_NAME = AppIcon;
				ASSETCATALOG_COMPILER_GLOBAL_ACCENT_COLOR_NAME = AccentColor;
				CODE_SIGN_STYLE = Automatic;
				CURRENT_PROJECT_VERSION = 1;
				DEVELOPMENT_TEAM = 3UVVPY2T4W;
				GENERATE_INFOPLIST_FILE = YES;
				INFOPLIST_FILE = Tracker/Resources/Info.plist;
				INFOPLIST_KEY_UIApplicationSupportsIndirectInputEvents = YES;
				INFOPLIST_KEY_UILaunchStoryboardName = LaunchScreen;
				INFOPLIST_KEY_UISupportedInterfaceOrientations = UIInterfaceOrientationPortrait;
				INFOPLIST_KEY_UISupportedInterfaceOrientations_iPad = "UIInterfaceOrientationLandscapeLeft UIInterfaceOrientationLandscapeRight UIInterfaceOrientationPortrait UIInterfaceOrientationPortraitUpsideDown";
				IPHONEOS_DEPLOYMENT_TARGET = 13.4;
				LD_RUNPATH_SEARCH_PATHS = (
					"$(inherited)",
					"@executable_path/Frameworks",
				);
				MARKETING_VERSION = 1.0;
				PRODUCT_BUNDLE_IDENTIFIER = ru.gibbonch.Tracker;
				PRODUCT_NAME = "$(TARGET_NAME)";
				SUPPORTED_PLATFORMS = "iphoneos iphonesimulator";
				SUPPORTS_MACCATALYST = NO;
				SUPPORTS_MAC_DESIGNED_FOR_IPHONE_IPAD = NO;
				SUPPORTS_XR_DESIGNED_FOR_IPHONE_IPAD = NO;
				SWIFT_EMIT_LOC_STRINGS = YES;
				SWIFT_VERSION = 5.0;
				TARGETED_DEVICE_FAMILY = 1;
			};
			name = Debug;
		};
		180B5CC12CDBD78F003FDE88 /* Release */ = {
			isa = XCBuildConfiguration;
			buildSettings = {
				ASSETCATALOG_COMPILER_APPICON_NAME = AppIcon;
				ASSETCATALOG_COMPILER_GLOBAL_ACCENT_COLOR_NAME = AccentColor;
				CODE_SIGN_STYLE = Automatic;
				CURRENT_PROJECT_VERSION = 1;
				DEVELOPMENT_TEAM = 3UVVPY2T4W;
				GENERATE_INFOPLIST_FILE = YES;
				INFOPLIST_FILE = Tracker/Resources/Info.plist;
				INFOPLIST_KEY_UIApplicationSupportsIndirectInputEvents = YES;
				INFOPLIST_KEY_UILaunchStoryboardName = LaunchScreen;
				INFOPLIST_KEY_UISupportedInterfaceOrientations = UIInterfaceOrientationPortrait;
				INFOPLIST_KEY_UISupportedInterfaceOrientations_iPad = "UIInterfaceOrientationLandscapeLeft UIInterfaceOrientationLandscapeRight UIInterfaceOrientationPortrait UIInterfaceOrientationPortraitUpsideDown";
				IPHONEOS_DEPLOYMENT_TARGET = 13.4;
				LD_RUNPATH_SEARCH_PATHS = (
					"$(inherited)",
					"@executable_path/Frameworks",
				);
				MARKETING_VERSION = 1.0;
				PRODUCT_BUNDLE_IDENTIFIER = ru.gibbonch.Tracker;
				PRODUCT_NAME = "$(TARGET_NAME)";
				SUPPORTED_PLATFORMS = "iphoneos iphonesimulator";
				SUPPORTS_MACCATALYST = NO;
				SUPPORTS_MAC_DESIGNED_FOR_IPHONE_IPAD = NO;
				SUPPORTS_XR_DESIGNED_FOR_IPHONE_IPAD = NO;
				SWIFT_EMIT_LOC_STRINGS = YES;
				SWIFT_VERSION = 5.0;
				TARGETED_DEVICE_FAMILY = 1;
			};
			name = Release;
		};
/* End XCBuildConfiguration section */

/* Begin XCConfigurationList section */
		180B5CA62CDBD78E003FDE88 /* Build configuration list for PBXProject "Tracker" */ = {
			isa = XCConfigurationList;
			buildConfigurations = (
				180B5CBD2CDBD78F003FDE88 /* Debug */,
				180B5CBE2CDBD78F003FDE88 /* Release */,
			);
			defaultConfigurationIsVisible = 0;
			defaultConfigurationName = Release;
		};
		180B5CBF2CDBD78F003FDE88 /* Build configuration list for PBXNativeTarget "Tracker" */ = {
			isa = XCConfigurationList;
			buildConfigurations = (
				180B5CC02CDBD78F003FDE88 /* Debug */,
				180B5CC12CDBD78F003FDE88 /* Release */,
			);
			defaultConfigurationIsVisible = 0;
			defaultConfigurationName = Release;
		};
/* End XCConfigurationList section */

/* Begin XCVersionGroup section */
		189AC18D2D0F2D3F00717D6F /* TrackerModel.xcdatamodeld */ = {
			isa = XCVersionGroup;
			children = (
				189AC18E2D0F2D3F00717D6F /* TrackerModel.xcdatamodel */,
			);
			currentVersion = 189AC18E2D0F2D3F00717D6F /* TrackerModel.xcdatamodel */;
			path = TrackerModel.xcdatamodeld;
			sourceTree = "<group>";
			versionGroupType = wrapper.xcdatamodel;
		};
/* End XCVersionGroup section */
	};
	rootObject = 180B5CA32CDBD78E003FDE88 /* Project object */;
}
