// !$*UTF8*$!
{
	archiveVersion = 1;
	classes = {
	};
	objectVersion = 56;
	objects = {

/* Begin PBXBuildFile section */
		180B5CAF2CDBD78E003FDE88 /* AppDelegate.swift in Sources */ = {isa = PBXBuildFile; fileRef = 180B5CAE2CDBD78E003FDE88 /* AppDelegate.swift */; };
		180B5CB12CDBD78E003FDE88 /* SceneDelegate.swift in Sources */ = {isa = PBXBuildFile; fileRef = 180B5CB02CDBD78E003FDE88 /* SceneDelegate.swift */; };
		180B5CB82CDBD78F003FDE88 /* Assets.xcassets in Resources */ = {isa = PBXBuildFile; fileRef = 180B5CB72CDBD78F003FDE88 /* Assets.xcassets */; };
		180B5CBB2CDBD78F003FDE88 /* Base in Resources */ = {isa = PBXBuildFile; fileRef = 180B5CBA2CDBD78F003FDE88 /* Base */; };
		181F9EC22CFDD71E00B0F835 /* Weekday+Extensions.swift in Sources */ = {isa = PBXBuildFile; fileRef = 181F9EC12CFDD71E00B0F835 /* Weekday+Extensions.swift */; };
		181F9EC42CFDE76B00B0F835 /* TrackerQuery.swift in Sources */ = {isa = PBXBuildFile; fileRef = 181F9EC32CFDE76B00B0F835 /* TrackerQuery.swift */; };
		181F9F1E2D04692C00B0F835 /* TrackerCellViewModel.swift in Sources */ = {isa = PBXBuildFile; fileRef = 181F9F1D2D04692C00B0F835 /* TrackerCellViewModel.swift */; };
		181F9F752D07759100B0F835 /* TrackerCreationViewController.swift in Sources */ = {isa = PBXBuildFile; fileRef = 181F9F722D07759100B0F835 /* TrackerCreationViewController.swift */; };
		1833F4D92D44E75200CA7A48 /* InfoPlist.strings in Resources */ = {isa = PBXBuildFile; fileRef = 1833F4D72D44E75200CA7A48 /* InfoPlist.strings */; };
		1833F4F32D450C4000CA7A48 /* FiltersViewController.swift in Sources */ = {isa = PBXBuildFile; fileRef = 1833F4F22D450C4000CA7A48 /* FiltersViewController.swift */; };
		1833F4F52D4510DB00CA7A48 /* FiltersViewModel.swift in Sources */ = {isa = PBXBuildFile; fileRef = 1833F4F42D4510DB00CA7A48 /* FiltersViewModel.swift */; };
		1833F4F72D46838A00CA7A48 /* TrackerRecordProvider.swift in Sources */ = {isa = PBXBuildFile; fileRef = 1833F4F62D46838A00CA7A48 /* TrackerRecordProvider.swift */; };
		1833F4F92D46896700CA7A48 /* StatisticsService.swift in Sources */ = {isa = PBXBuildFile; fileRef = 1833F4F82D46896700CA7A48 /* StatisticsService.swift */; };
		1833F4FB2D468D8100CA7A48 /* Statistic.swift in Sources */ = {isa = PBXBuildFile; fileRef = 1833F4FA2D468D8100CA7A48 /* Statistic.swift */; };
		1833F4FD2D46962200CA7A48 /* StatisticsCell.swift in Sources */ = {isa = PBXBuildFile; fileRef = 1833F4FC2D46962200CA7A48 /* StatisticsCell.swift */; };
		1833F5022D48EBD300CA7A48 /* TrackerSnapshotTests.swift in Sources */ = {isa = PBXBuildFile; fileRef = 1833F5012D48EBD300CA7A48 /* TrackerSnapshotTests.swift */; };
		1833F5062D48ECF900CA7A48 /* MocksViewModel.swift in Sources */ = {isa = PBXBuildFile; fileRef = 1833F5052D48ECF900CA7A48 /* MocksViewModel.swift */; };
		1833F5092D48F15200CA7A48 /* InlineSnapshotTesting in Frameworks */ = {isa = PBXBuildFile; productRef = 1833F5082D48F15200CA7A48 /* InlineSnapshotTesting */; };
		1833F50B2D48F15200CA7A48 /* SnapshotTesting in Frameworks */ = {isa = PBXBuildFile; productRef = 1833F50A2D48F15200CA7A48 /* SnapshotTesting */; };
		1833F50D2D48F15200CA7A48 /* SnapshotTestingCustomDump in Frameworks */ = {isa = PBXBuildFile; productRef = 1833F50C2D48F15200CA7A48 /* SnapshotTestingCustomDump */; };
		1833F5102D493F2A00CA7A48 /* AppMetricaService.swift in Sources */ = {isa = PBXBuildFile; fileRef = 1833F50F2D493F2A00CA7A48 /* AppMetricaService.swift */; };
		1841E4B12D2AA55D00EC7933 /* Emojis.plist in Resources */ = {isa = PBXBuildFile; fileRef = 1841E4B02D2AA55D00EC7933 /* Emojis.plist */; };
		1841E4B32D2AA5B300EC7933 /* PickerCollectionViewDelegate.swift in Sources */ = {isa = PBXBuildFile; fileRef = 1841E4B22D2AA5B300EC7933 /* PickerCollectionViewDelegate.swift */; };
		1847BBAE2CE9D13200092A7A /* Date+Extensions.swift in Sources */ = {isa = PBXBuildFile; fileRef = 1847BBAD2CE9D13200092A7A /* Date+Extensions.swift */; };
		187294EF2D33C1E2004B4D18 /* LoggerTests.swift in Sources */ = {isa = PBXBuildFile; fileRef = 187294EE2D33C1E2004B4D18 /* LoggerTests.swift */; };
		187294F32D33CA57004B4D18 /* MainTabBarControllerTests.swift in Sources */ = {isa = PBXBuildFile; fileRef = 187294F22D33CA57004B4D18 /* MainTabBarControllerTests.swift */; };
		187294F52D343A78004B4D18 /* Binding.swift in Sources */ = {isa = PBXBuildFile; fileRef = 187294F42D343A78004B4D18 /* Binding.swift */; };
		187294FB2D355EEF004B4D18 /* MockTrackerStore.swift in Sources */ = {isa = PBXBuildFile; fileRef = 187294FA2D355EEF004B4D18 /* MockTrackerStore.swift */; };
		187294FD2D3560F8004B4D18 /* TrackersViewModelTests.swift in Sources */ = {isa = PBXBuildFile; fileRef = 187294FC2D3560F8004B4D18 /* TrackersViewModelTests.swift */; };
		187294FF2D356501004B4D18 /* MockTrackerProvider.swift in Sources */ = {isa = PBXBuildFile; fileRef = 187294FE2D356501004B4D18 /* MockTrackerProvider.swift */; };
		187295332D39667B004B4D18 /* OnboardingViewController.swift in Sources */ = {isa = PBXBuildFile; fileRef = 187295322D39667B004B4D18 /* OnboardingViewController.swift */; };
		187295392D397E18004B4D18 /* AppCoordinator.swift in Sources */ = {isa = PBXBuildFile; fileRef = 187295382D397E18004B4D18 /* AppCoordinator.swift */; };
		187295422D3A75B7004B4D18 /* TrackerCategoriesViewController.swift in Sources */ = {isa = PBXBuildFile; fileRef = 187295412D3A75B7004B4D18 /* TrackerCategoriesViewController.swift */; };
		187295442D3A76A6004B4D18 /* TrackerCategoriesViewModel.swift in Sources */ = {isa = PBXBuildFile; fileRef = 187295432D3A76A6004B4D18 /* TrackerCategoriesViewModel.swift */; };
		187295462D3A7F10004B4D18 /* CategoryTableViewCell.swift in Sources */ = {isa = PBXBuildFile; fileRef = 187295452D3A7F10004B4D18 /* CategoryTableViewCell.swift */; };
		1872954D2D3A8E4B004B4D18 /* CategoryEditingViewController.swift in Sources */ = {isa = PBXBuildFile; fileRef = 1872954C2D3A8E4B004B4D18 /* CategoryEditingViewController.swift */; };
		1872954F2D3A9010004B4D18 /* TitleTextField.swift in Sources */ = {isa = PBXBuildFile; fileRef = 1872954E2D3A9010004B4D18 /* TitleTextField.swift */; };
		187295512D3BE863004B4D18 /* CategoryEditingViewModel.swift in Sources */ = {isa = PBXBuildFile; fileRef = 187295502D3BE863004B4D18 /* CategoryEditingViewModel.swift */; };
		187295582D3D0045004B4D18 /* TestCoreDataStack.swift in Sources */ = {isa = PBXBuildFile; fileRef = 187295572D3D0045004B4D18 /* TestCoreDataStack.swift */; };
		1872955A2D3D00FF004B4D18 /* TrackerStoreTests.swift in Sources */ = {isa = PBXBuildFile; fileRef = 187295592D3D00FF004B4D18 /* TrackerStoreTests.swift */; };
		1872955D2D43CA8F004B4D18 /* Localizable.strings in Resources */ = {isa = PBXBuildFile; fileRef = 1872955B2D43CA8F004B4D18 /* Localizable.strings */; };
		187295662D440255004B4D18 /* Localizable.stringsdict in Resources */ = {isa = PBXBuildFile; fileRef = 187295642D440255004B4D18 /* Localizable.stringsdict */; };
		187FBB532CE4F9880079266A /* UndoButton.swift in Sources */ = {isa = PBXBuildFile; fileRef = 187FBB522CE4F9880079266A /* UndoButton.swift */; };
		187FBB552CE4FF900079266A /* ScheduleTableViewCell.swift in Sources */ = {isa = PBXBuildFile; fileRef = 187FBB542CE4FF900079266A /* ScheduleTableViewCell.swift */; };
		187FBB642CE5E82A0079266A /* TrackersViewModel.swift in Sources */ = {isa = PBXBuildFile; fileRef = 187FBB632CE5E82A0079266A /* TrackersViewModel.swift */; };
		1898D65A2D1F105900EDCD42 /* TrackerProvider.swift in Sources */ = {isa = PBXBuildFile; fileRef = 1898D6592D1F105900EDCD42 /* TrackerProvider.swift */; };
		1898D6622D218F8600EDCD42 /* Logger.swift in Sources */ = {isa = PBXBuildFile; fileRef = 1898D6612D218F8600EDCD42 /* Logger.swift */; };
		1898D6642D2196AA00EDCD42 /* TrackerCategoryProvider.swift in Sources */ = {isa = PBXBuildFile; fileRef = 1898D6632D2196AA00EDCD42 /* TrackerCategoryProvider.swift */; };
		189AC1392D0C59FE00717D6F /* ColorCollectionViewDataSource.swift in Sources */ = {isa = PBXBuildFile; fileRef = 189AC1382D0C59FE00717D6F /* ColorCollectionViewDataSource.swift */; };
		189AC13D2D0C5A1600717D6F /* ColorCollectionViewCell.swift in Sources */ = {isa = PBXBuildFile; fileRef = 189AC13C2D0C5A1600717D6F /* ColorCollectionViewCell.swift */; };
		189AC18F2D0F2D3F00717D6F /* TrackerModel.xcdatamodeld in Sources */ = {isa = PBXBuildFile; fileRef = 189AC18D2D0F2D3F00717D6F /* TrackerModel.xcdatamodeld */; };
		189AC19D2D0F32FC00717D6F /* CoreDataStack.swift in Sources */ = {isa = PBXBuildFile; fileRef = 189AC19C2D0F32FC00717D6F /* CoreDataStack.swift */; };
		189AC19F2D1001DA00717D6F /* TrackerStore.swift in Sources */ = {isa = PBXBuildFile; fileRef = 189AC19E2D1001DA00717D6F /* TrackerStore.swift */; };
		189AC1A12D1001EA00717D6F /* TrackerCategoryStore.swift in Sources */ = {isa = PBXBuildFile; fileRef = 189AC1A02D1001EA00717D6F /* TrackerCategoryStore.swift */; };
		189AC1A32D1001F200717D6F /* TrackerRecordStore.swift in Sources */ = {isa = PBXBuildFile; fileRef = 189AC1A22D1001F200717D6F /* TrackerRecordStore.swift */; };
		189AC1B92D106BB800717D6F /* TrackerCategoryCoreData.swift in Sources */ = {isa = PBXBuildFile; fileRef = 189AC1B32D106BB800717D6F /* TrackerCategoryCoreData.swift */; };
		189AC1BB2D106BB800717D6F /* TrackerRecordCoreData.swift in Sources */ = {isa = PBXBuildFile; fileRef = 189AC1B52D106BB800717D6F /* TrackerRecordCoreData.swift */; };
		189AC1BD2D106BB800717D6F /* TrackerCoreData.swift in Sources */ = {isa = PBXBuildFile; fileRef = 189AC1B72D106BB800717D6F /* TrackerCoreData.swift */; };
		189AC1C72D11A72C00717D6F /* UIColorTransformer.swift in Sources */ = {isa = PBXBuildFile; fileRef = 189AC1C62D11A72C00717D6F /* UIColorTransformer.swift */; };
		189AC1CF2D11BC3D00717D6F /* DataStore.swift in Sources */ = {isa = PBXBuildFile; fileRef = 189AC1CE2D11BC3D00717D6F /* DataStore.swift */; };
		189AC1D12D15B16F00717D6F /* Constants.swift in Sources */ = {isa = PBXBuildFile; fileRef = 189AC1D02D15B16F00717D6F /* Constants.swift */; };
		18CB8A002D0779C100BE9F71 /* TrackerEditingViewController.swift in Sources */ = {isa = PBXBuildFile; fileRef = 18CB89FF2D0779C100BE9F71 /* TrackerEditingViewController.swift */; };
		18CB8A022D077A0F00BE9F71 /* TrackerEditingViewModel.swift in Sources */ = {isa = PBXBuildFile; fileRef = 18CB8A012D077A0F00BE9F71 /* TrackerEditingViewModel.swift */; };
		18CB8A042D0897F900BE9F71 /* TrackerTitleTextFieldDelegate.swift in Sources */ = {isa = PBXBuildFile; fileRef = 18CB8A032D0897F900BE9F71 /* TrackerTitleTextFieldDelegate.swift */; };
		18CB8A072D08A26D00BE9F71 /* Utilities.swift in Sources */ = {isa = PBXBuildFile; fileRef = 18CB8A062D08A26D00BE9F71 /* Utilities.swift */; };
		18CB8A092D08B0E200BE9F71 /* CategoryAndScheduleTableViewDelegate.swift in Sources */ = {isa = PBXBuildFile; fileRef = 18CB8A082D08B0E200BE9F71 /* CategoryAndScheduleTableViewDelegate.swift */; };
		18CB8A0E2D0AD7AE00BE9F71 /* CategoryAndScheduleTableViewDataSource.swift in Sources */ = {isa = PBXBuildFile; fileRef = 18CB8A0D2D0AD7AE00BE9F71 /* CategoryAndScheduleTableViewDataSource.swift */; };
		18CB8A142D0B279D00BE9F71 /* TrackerScheduleViewController.swift in Sources */ = {isa = PBXBuildFile; fileRef = 18CB8A132D0B279D00BE9F71 /* TrackerScheduleViewController.swift */; };
		18CB8A182D0B27DB00BE9F71 /* TrackerScheduleViewModel.swift in Sources */ = {isa = PBXBuildFile; fileRef = 18CB8A172D0B27DB00BE9F71 /* TrackerScheduleViewModel.swift */; };
		18CB8A242D0C368D00BE9F71 /* UIColor+Extensions.swift in Sources */ = {isa = PBXBuildFile; fileRef = 18CB8A232D0C368D00BE9F71 /* UIColor+Extensions.swift */; };
		18CB8A272D0C3E5000BE9F71 /* EmojiCollectionViewDataSource.swift in Sources */ = {isa = PBXBuildFile; fileRef = 18CB8A262D0C3E5000BE9F71 /* EmojiCollectionViewDataSource.swift */; };
		18CB8A2B2D0C3F3300BE9F71 /* EmojiCollectionViewCell.swift in Sources */ = {isa = PBXBuildFile; fileRef = 18CB8A2A2D0C3F3300BE9F71 /* EmojiCollectionViewCell.swift */; };
		18CB8A2F2D0C449700BE9F71 /* PickerHeaderReusableView.swift in Sources */ = {isa = PBXBuildFile; fileRef = 18CB8A2E2D0C449700BE9F71 /* PickerHeaderReusableView.swift */; };
		18D20DEA2CDBF50B007E9083 /* TrackersViewController.swift in Sources */ = {isa = PBXBuildFile; fileRef = 18D20DE92CDBF50B007E9083 /* TrackersViewController.swift */; };
		18D20DED2CDBF6A6007E9083 /* PlaceholderView.swift in Sources */ = {isa = PBXBuildFile; fileRef = 18D20DEC2CDBF6A6007E9083 /* PlaceholderView.swift */; };
		18D20DF02CDBF8FB007E9083 /* UIView+Extensions.swift in Sources */ = {isa = PBXBuildFile; fileRef = 18D20DEF2CDBF8FB007E9083 /* UIView+Extensions.swift */; };
		18D20DF42CDC0811007E9083 /* StatisticsViewController.swift in Sources */ = {isa = PBXBuildFile; fileRef = 18D20DF32CDC0811007E9083 /* StatisticsViewController.swift */; };
		18D20DF62CDC084C007E9083 /* MainTabBarController.swift in Sources */ = {isa = PBXBuildFile; fileRef = 18D20DF52CDC084C007E9083 /* MainTabBarController.swift */; };
		18D20E232CDCF630007E9083 /* Tracker.swift in Sources */ = {isa = PBXBuildFile; fileRef = 18D20E222CDCF630007E9083 /* Tracker.swift */; };
		18D20E272CDCFAE0007E9083 /* TrackerCategory.swift in Sources */ = {isa = PBXBuildFile; fileRef = 18D20E262CDCFAE0007E9083 /* TrackerCategory.swift */; };
		18D20E292CDCFB5C007E9083 /* TrackerRecord.swift in Sources */ = {isa = PBXBuildFile; fileRef = 18D20E282CDCFB5C007E9083 /* TrackerRecord.swift */; };
		18D20E352CDD3CF7007E9083 /* FilledButton.swift in Sources */ = {isa = PBXBuildFile; fileRef = 18D20E342CDD3CF7007E9083 /* FilledButton.swift */; };
		18D20E3B2CDE5203007E9083 /* TrackerCollectionViewCell.swift in Sources */ = {isa = PBXBuildFile; fileRef = 18D20E3A2CDE5203007E9083 /* TrackerCollectionViewCell.swift */; };
		18D20E3F2CDE54AE007E9083 /* TrackerCardView.swift in Sources */ = {isa = PBXBuildFile; fileRef = 18D20E3E2CDE54AE007E9083 /* TrackerCardView.swift */; };
		18D20E4B2CDFEEAC007E9083 /* TrackerHeaderView.swift in Sources */ = {isa = PBXBuildFile; fileRef = 18D20E4A2CDFEEAC007E9083 /* TrackerHeaderView.swift */; };
		89FF9D7DBE8AC190CA56D227 /* Pods_TrackerTests.framework in Frameworks */ = {isa = PBXBuildFile; fileRef = 54EA2D301B162CF68D89EAE6 /* Pods_TrackerTests.framework */; };
		C1EA38E8701876917C2B83B5 /* Pods_Tracker.framework in Frameworks */ = {isa = PBXBuildFile; fileRef = E30003924D6472E59B0371A7 /* Pods_Tracker.framework */; };
/* End PBXBuildFile section */

/* Begin PBXContainerItemProxy section */
		187294E92D33C1C6004B4D18 /* PBXContainerItemProxy */ = {
			isa = PBXContainerItemProxy;
			containerPortal = 180B5CA32CDBD78E003FDE88 /* Project object */;
			proxyType = 1;
			remoteGlobalIDString = 180B5CAA2CDBD78E003FDE88;
			remoteInfo = Tracker;
		};
/* End PBXContainerItemProxy section */

/* Begin PBXFileReference section */
		180B5CAB2CDBD78E003FDE88 /* Tracker.app */ = {isa = PBXFileReference; explicitFileType = wrapper.application; includeInIndex = 0; path = Tracker.app; sourceTree = BUILT_PRODUCTS_DIR; };
		180B5CAE2CDBD78E003FDE88 /* AppDelegate.swift */ = {isa = PBXFileReference; lastKnownFileType = sourcecode.swift; path = AppDelegate.swift; sourceTree = "<group>"; };
		180B5CB02CDBD78E003FDE88 /* SceneDelegate.swift */ = {isa = PBXFileReference; lastKnownFileType = sourcecode.swift; path = SceneDelegate.swift; sourceTree = "<group>"; };
		180B5CB72CDBD78F003FDE88 /* Assets.xcassets */ = {isa = PBXFileReference; lastKnownFileType = folder.assetcatalog; path = Assets.xcassets; sourceTree = "<group>"; };
		180B5CBA2CDBD78F003FDE88 /* Base */ = {isa = PBXFileReference; lastKnownFileType = file.storyboard; name = Base; path = Base.lproj/LaunchScreen.storyboard; sourceTree = "<group>"; };
		180B5CBC2CDBD78F003FDE88 /* Info.plist */ = {isa = PBXFileReference; lastKnownFileType = text.plist.xml; path = Info.plist; sourceTree = "<group>"; };
		181F9EC12CFDD71E00B0F835 /* Weekday+Extensions.swift */ = {isa = PBXFileReference; lastKnownFileType = sourcecode.swift; path = "Weekday+Extensions.swift"; sourceTree = "<group>"; };
		181F9EC32CFDE76B00B0F835 /* TrackerQuery.swift */ = {isa = PBXFileReference; lastKnownFileType = sourcecode.swift; path = TrackerQuery.swift; sourceTree = "<group>"; };
		181F9F1D2D04692C00B0F835 /* TrackerCellViewModel.swift */ = {isa = PBXFileReference; lastKnownFileType = sourcecode.swift; path = TrackerCellViewModel.swift; sourceTree = "<group>"; };
		181F9F722D07759100B0F835 /* TrackerCreationViewController.swift */ = {isa = PBXFileReference; fileEncoding = 4; lastKnownFileType = sourcecode.swift; path = TrackerCreationViewController.swift; sourceTree = "<group>"; };
		1833F4D82D44E75200CA7A48 /* en */ = {isa = PBXFileReference; lastKnownFileType = text.plist.strings; name = en; path = en.lproj/InfoPlist.strings; sourceTree = "<group>"; };
		1833F4DA2D44E77500CA7A48 /* ar */ = {isa = PBXFileReference; lastKnownFileType = text.plist.strings; name = ar; path = ar.lproj/InfoPlist.strings; sourceTree = "<group>"; };
		1833F4DB2D44E77600CA7A48 /* de */ = {isa = PBXFileReference; lastKnownFileType = text.plist.strings; name = de; path = de.lproj/InfoPlist.strings; sourceTree = "<group>"; };
		1833F4DC2D44E77700CA7A48 /* ru */ = {isa = PBXFileReference; lastKnownFileType = text.plist.strings; name = ru; path = ru.lproj/InfoPlist.strings; sourceTree = "<group>"; };
		1833F4F22D450C4000CA7A48 /* FiltersViewController.swift */ = {isa = PBXFileReference; lastKnownFileType = sourcecode.swift; path = FiltersViewController.swift; sourceTree = "<group>"; };
		1833F4F42D4510DB00CA7A48 /* FiltersViewModel.swift */ = {isa = PBXFileReference; lastKnownFileType = sourcecode.swift; path = FiltersViewModel.swift; sourceTree = "<group>"; };
		1833F4F62D46838A00CA7A48 /* TrackerRecordProvider.swift */ = {isa = PBXFileReference; lastKnownFileType = sourcecode.swift; path = TrackerRecordProvider.swift; sourceTree = "<group>"; };
		1833F4F82D46896700CA7A48 /* StatisticsService.swift */ = {isa = PBXFileReference; lastKnownFileType = sourcecode.swift; path = StatisticsService.swift; sourceTree = "<group>"; };
		1833F4FA2D468D8100CA7A48 /* Statistic.swift */ = {isa = PBXFileReference; lastKnownFileType = sourcecode.swift; path = Statistic.swift; sourceTree = "<group>"; };
		1833F4FC2D46962200CA7A48 /* StatisticsCell.swift */ = {isa = PBXFileReference; lastKnownFileType = sourcecode.swift; path = StatisticsCell.swift; sourceTree = "<group>"; };
		1833F5012D48EBD300CA7A48 /* TrackerSnapshotTests.swift */ = {isa = PBXFileReference; lastKnownFileType = sourcecode.swift; path = TrackerSnapshotTests.swift; sourceTree = "<group>"; };
		1833F5052D48ECF900CA7A48 /* MocksViewModel.swift */ = {isa = PBXFileReference; lastKnownFileType = sourcecode.swift; path = MocksViewModel.swift; sourceTree = "<group>"; };
		1833F50F2D493F2A00CA7A48 /* AppMetricaService.swift */ = {isa = PBXFileReference; lastKnownFileType = sourcecode.swift; path = AppMetricaService.swift; sourceTree = "<group>"; };
		1841E4B02D2AA55D00EC7933 /* Emojis.plist */ = {isa = PBXFileReference; lastKnownFileType = text.plist.xml; path = Emojis.plist; sourceTree = "<group>"; };
		1841E4B22D2AA5B300EC7933 /* PickerCollectionViewDelegate.swift */ = {isa = PBXFileReference; lastKnownFileType = sourcecode.swift; path = PickerCollectionViewDelegate.swift; sourceTree = "<group>"; };
		1847BBAD2CE9D13200092A7A /* Date+Extensions.swift */ = {isa = PBXFileReference; lastKnownFileType = sourcecode.swift; path = "Date+Extensions.swift"; sourceTree = "<group>"; };
		187294E52D33C1C6004B4D18 /* TrackerTests.xctest */ = {isa = PBXFileReference; explicitFileType = wrapper.cfbundle; includeInIndex = 0; path = TrackerTests.xctest; sourceTree = BUILT_PRODUCTS_DIR; };
		187294EE2D33C1E2004B4D18 /* LoggerTests.swift */ = {isa = PBXFileReference; lastKnownFileType = sourcecode.swift; path = LoggerTests.swift; sourceTree = "<group>"; };
		187294F22D33CA57004B4D18 /* MainTabBarControllerTests.swift */ = {isa = PBXFileReference; lastKnownFileType = sourcecode.swift; path = MainTabBarControllerTests.swift; sourceTree = "<group>"; };
		187294F42D343A78004B4D18 /* Binding.swift */ = {isa = PBXFileReference; lastKnownFileType = sourcecode.swift; path = Binding.swift; sourceTree = "<group>"; };
		187294FA2D355EEF004B4D18 /* MockTrackerStore.swift */ = {isa = PBXFileReference; lastKnownFileType = sourcecode.swift; path = MockTrackerStore.swift; sourceTree = "<group>"; };
		187294FC2D3560F8004B4D18 /* TrackersViewModelTests.swift */ = {isa = PBXFileReference; lastKnownFileType = sourcecode.swift; path = TrackersViewModelTests.swift; sourceTree = "<group>"; };
		187294FE2D356501004B4D18 /* MockTrackerProvider.swift */ = {isa = PBXFileReference; lastKnownFileType = sourcecode.swift; path = MockTrackerProvider.swift; sourceTree = "<group>"; };
		187295322D39667B004B4D18 /* OnboardingViewController.swift */ = {isa = PBXFileReference; lastKnownFileType = sourcecode.swift; path = OnboardingViewController.swift; sourceTree = "<group>"; };
		187295382D397E18004B4D18 /* AppCoordinator.swift */ = {isa = PBXFileReference; lastKnownFileType = sourcecode.swift; path = AppCoordinator.swift; sourceTree = "<group>"; };
		187295412D3A75B7004B4D18 /* TrackerCategoriesViewController.swift */ = {isa = PBXFileReference; lastKnownFileType = sourcecode.swift; path = TrackerCategoriesViewController.swift; sourceTree = "<group>"; };
		187295432D3A76A6004B4D18 /* TrackerCategoriesViewModel.swift */ = {isa = PBXFileReference; lastKnownFileType = sourcecode.swift; path = TrackerCategoriesViewModel.swift; sourceTree = "<group>"; };
		187295452D3A7F10004B4D18 /* CategoryTableViewCell.swift */ = {isa = PBXFileReference; lastKnownFileType = sourcecode.swift; path = CategoryTableViewCell.swift; sourceTree = "<group>"; };
		1872954C2D3A8E4B004B4D18 /* CategoryEditingViewController.swift */ = {isa = PBXFileReference; lastKnownFileType = sourcecode.swift; path = CategoryEditingViewController.swift; sourceTree = "<group>"; };
		1872954E2D3A9010004B4D18 /* TitleTextField.swift */ = {isa = PBXFileReference; lastKnownFileType = sourcecode.swift; path = TitleTextField.swift; sourceTree = "<group>"; };
		187295502D3BE863004B4D18 /* CategoryEditingViewModel.swift */ = {isa = PBXFileReference; lastKnownFileType = sourcecode.swift; path = CategoryEditingViewModel.swift; sourceTree = "<group>"; };
		187295572D3D0045004B4D18 /* TestCoreDataStack.swift */ = {isa = PBXFileReference; lastKnownFileType = sourcecode.swift; path = TestCoreDataStack.swift; sourceTree = "<group>"; };
		187295592D3D00FF004B4D18 /* TrackerStoreTests.swift */ = {isa = PBXFileReference; lastKnownFileType = sourcecode.swift; path = TrackerStoreTests.swift; sourceTree = "<group>"; };
		1872955C2D43CA8F004B4D18 /* en */ = {isa = PBXFileReference; lastKnownFileType = text.plist.strings; name = en; path = en.lproj/Localizable.strings; sourceTree = "<group>"; };
		1872955E2D43CB83004B4D18 /* ar */ = {isa = PBXFileReference; lastKnownFileType = text.plist.strings; name = ar; path = ar.lproj/LaunchScreen.strings; sourceTree = "<group>"; };
		1872955F2D43CB83004B4D18 /* ar */ = {isa = PBXFileReference; lastKnownFileType = text.plist.strings; name = ar; path = ar.lproj/Localizable.strings; sourceTree = "<group>"; };
		187295602D43CB8F004B4D18 /* de */ = {isa = PBXFileReference; lastKnownFileType = text.plist.strings; name = de; path = de.lproj/LaunchScreen.strings; sourceTree = "<group>"; };
		187295612D43CB8F004B4D18 /* de */ = {isa = PBXFileReference; lastKnownFileType = text.plist.strings; name = de; path = de.lproj/Localizable.strings; sourceTree = "<group>"; };
		187295622D43CB94004B4D18 /* ru */ = {isa = PBXFileReference; lastKnownFileType = text.plist.strings; name = ru; path = ru.lproj/LaunchScreen.strings; sourceTree = "<group>"; };
		187295632D43CB95004B4D18 /* ru */ = {isa = PBXFileReference; lastKnownFileType = text.plist.strings; name = ru; path = ru.lproj/Localizable.strings; sourceTree = "<group>"; };
		187295652D440255004B4D18 /* en */ = {isa = PBXFileReference; lastKnownFileType = text.plist.stringsdict; name = en; path = en.lproj/Localizable.stringsdict; sourceTree = "<group>"; };
		187295672D4402EE004B4D18 /* ar */ = {isa = PBXFileReference; lastKnownFileType = text.plist.stringsdict; name = ar; path = ar.lproj/Localizable.stringsdict; sourceTree = "<group>"; };
		187295682D4402EF004B4D18 /* de */ = {isa = PBXFileReference; lastKnownFileType = text.plist.stringsdict; name = de; path = de.lproj/Localizable.stringsdict; sourceTree = "<group>"; };
		187295692D4402F1004B4D18 /* ru */ = {isa = PBXFileReference; lastKnownFileType = text.plist.stringsdict; name = ru; path = ru.lproj/Localizable.stringsdict; sourceTree = "<group>"; };
		187FBB522CE4F9880079266A /* UndoButton.swift */ = {isa = PBXFileReference; lastKnownFileType = sourcecode.swift; path = UndoButton.swift; sourceTree = "<group>"; };
		187FBB542CE4FF900079266A /* ScheduleTableViewCell.swift */ = {isa = PBXFileReference; lastKnownFileType = sourcecode.swift; path = ScheduleTableViewCell.swift; sourceTree = "<group>"; };
		187FBB632CE5E82A0079266A /* TrackersViewModel.swift */ = {isa = PBXFileReference; lastKnownFileType = sourcecode.swift; path = TrackersViewModel.swift; sourceTree = "<group>"; };
		1898D6592D1F105900EDCD42 /* TrackerProvider.swift */ = {isa = PBXFileReference; lastKnownFileType = sourcecode.swift; path = TrackerProvider.swift; sourceTree = "<group>"; };
		1898D6612D218F8600EDCD42 /* Logger.swift */ = {isa = PBXFileReference; lastKnownFileType = sourcecode.swift; path = Logger.swift; sourceTree = "<group>"; };
		1898D6632D2196AA00EDCD42 /* TrackerCategoryProvider.swift */ = {isa = PBXFileReference; lastKnownFileType = sourcecode.swift; path = TrackerCategoryProvider.swift; sourceTree = "<group>"; };
		189AC1382D0C59FE00717D6F /* ColorCollectionViewDataSource.swift */ = {isa = PBXFileReference; lastKnownFileType = sourcecode.swift; path = ColorCollectionViewDataSource.swift; sourceTree = "<group>"; };
		189AC13C2D0C5A1600717D6F /* ColorCollectionViewCell.swift */ = {isa = PBXFileReference; lastKnownFileType = sourcecode.swift; path = ColorCollectionViewCell.swift; sourceTree = "<group>"; };
		189AC18E2D0F2D3F00717D6F /* TrackerModel.xcdatamodel */ = {isa = PBXFileReference; lastKnownFileType = wrapper.xcdatamodel; path = TrackerModel.xcdatamodel; sourceTree = "<group>"; };
		189AC19C2D0F32FC00717D6F /* CoreDataStack.swift */ = {isa = PBXFileReference; lastKnownFileType = sourcecode.swift; path = CoreDataStack.swift; sourceTree = "<group>"; };
		189AC19E2D1001DA00717D6F /* TrackerStore.swift */ = {isa = PBXFileReference; lastKnownFileType = sourcecode.swift; path = TrackerStore.swift; sourceTree = "<group>"; };
		189AC1A02D1001EA00717D6F /* TrackerCategoryStore.swift */ = {isa = PBXFileReference; lastKnownFileType = sourcecode.swift; path = TrackerCategoryStore.swift; sourceTree = "<group>"; };
		189AC1A22D1001F200717D6F /* TrackerRecordStore.swift */ = {isa = PBXFileReference; lastKnownFileType = sourcecode.swift; path = TrackerRecordStore.swift; sourceTree = "<group>"; };
		189AC1B32D106BB800717D6F /* TrackerCategoryCoreData.swift */ = {isa = PBXFileReference; lastKnownFileType = sourcecode.swift; path = TrackerCategoryCoreData.swift; sourceTree = "<group>"; };
		189AC1B52D106BB800717D6F /* TrackerRecordCoreData.swift */ = {isa = PBXFileReference; lastKnownFileType = sourcecode.swift; path = TrackerRecordCoreData.swift; sourceTree = "<group>"; };
		189AC1B72D106BB800717D6F /* TrackerCoreData.swift */ = {isa = PBXFileReference; lastKnownFileType = sourcecode.swift; path = TrackerCoreData.swift; sourceTree = "<group>"; };
		189AC1C62D11A72C00717D6F /* UIColorTransformer.swift */ = {isa = PBXFileReference; lastKnownFileType = sourcecode.swift; path = UIColorTransformer.swift; sourceTree = "<group>"; };
		189AC1CE2D11BC3D00717D6F /* DataStore.swift */ = {isa = PBXFileReference; lastKnownFileType = sourcecode.swift; path = DataStore.swift; sourceTree = "<group>"; };
		189AC1D02D15B16F00717D6F /* Constants.swift */ = {isa = PBXFileReference; lastKnownFileType = sourcecode.swift; path = Constants.swift; sourceTree = "<group>"; };
		18CB89FF2D0779C100BE9F71 /* TrackerEditingViewController.swift */ = {isa = PBXFileReference; lastKnownFileType = sourcecode.swift; path = TrackerEditingViewController.swift; sourceTree = "<group>"; };
		18CB8A012D077A0F00BE9F71 /* TrackerEditingViewModel.swift */ = {isa = PBXFileReference; lastKnownFileType = sourcecode.swift; path = TrackerEditingViewModel.swift; sourceTree = "<group>"; };
		18CB8A032D0897F900BE9F71 /* TrackerTitleTextFieldDelegate.swift */ = {isa = PBXFileReference; lastKnownFileType = sourcecode.swift; path = TrackerTitleTextFieldDelegate.swift; sourceTree = "<group>"; };
		18CB8A062D08A26D00BE9F71 /* Utilities.swift */ = {isa = PBXFileReference; lastKnownFileType = sourcecode.swift; path = Utilities.swift; sourceTree = "<group>"; };
		18CB8A082D08B0E200BE9F71 /* CategoryAndScheduleTableViewDelegate.swift */ = {isa = PBXFileReference; lastKnownFileType = sourcecode.swift; path = CategoryAndScheduleTableViewDelegate.swift; sourceTree = "<group>"; };
		18CB8A0D2D0AD7AE00BE9F71 /* CategoryAndScheduleTableViewDataSource.swift */ = {isa = PBXFileReference; lastKnownFileType = sourcecode.swift; path = CategoryAndScheduleTableViewDataSource.swift; sourceTree = "<group>"; };
		18CB8A132D0B279D00BE9F71 /* TrackerScheduleViewController.swift */ = {isa = PBXFileReference; lastKnownFileType = sourcecode.swift; path = TrackerScheduleViewController.swift; sourceTree = "<group>"; };
		18CB8A172D0B27DB00BE9F71 /* TrackerScheduleViewModel.swift */ = {isa = PBXFileReference; lastKnownFileType = sourcecode.swift; path = TrackerScheduleViewModel.swift; sourceTree = "<group>"; };
		18CB8A232D0C368D00BE9F71 /* UIColor+Extensions.swift */ = {isa = PBXFileReference; lastKnownFileType = sourcecode.swift; path = "UIColor+Extensions.swift"; sourceTree = "<group>"; };
		18CB8A262D0C3E5000BE9F71 /* EmojiCollectionViewDataSource.swift */ = {isa = PBXFileReference; lastKnownFileType = sourcecode.swift; path = EmojiCollectionViewDataSource.swift; sourceTree = "<group>"; };
		18CB8A2A2D0C3F3300BE9F71 /* EmojiCollectionViewCell.swift */ = {isa = PBXFileReference; lastKnownFileType = sourcecode.swift; path = EmojiCollectionViewCell.swift; sourceTree = "<group>"; };
		18CB8A2E2D0C449700BE9F71 /* PickerHeaderReusableView.swift */ = {isa = PBXFileReference; lastKnownFileType = sourcecode.swift; path = PickerHeaderReusableView.swift; sourceTree = "<group>"; };
		18D20DE92CDBF50B007E9083 /* TrackersViewController.swift */ = {isa = PBXFileReference; lastKnownFileType = sourcecode.swift; path = TrackersViewController.swift; sourceTree = "<group>"; };
		18D20DEC2CDBF6A6007E9083 /* PlaceholderView.swift */ = {isa = PBXFileReference; lastKnownFileType = sourcecode.swift; path = PlaceholderView.swift; sourceTree = "<group>"; };
		18D20DEF2CDBF8FB007E9083 /* UIView+Extensions.swift */ = {isa = PBXFileReference; lastKnownFileType = sourcecode.swift; path = "UIView+Extensions.swift"; sourceTree = "<group>"; };
		18D20DF32CDC0811007E9083 /* StatisticsViewController.swift */ = {isa = PBXFileReference; lastKnownFileType = sourcecode.swift; path = StatisticsViewController.swift; sourceTree = "<group>"; };
		18D20DF52CDC084C007E9083 /* MainTabBarController.swift */ = {isa = PBXFileReference; lastKnownFileType = sourcecode.swift; path = MainTabBarController.swift; sourceTree = "<group>"; };
		18D20E222CDCF630007E9083 /* Tracker.swift */ = {isa = PBXFileReference; lastKnownFileType = sourcecode.swift; path = Tracker.swift; sourceTree = "<group>"; };
		18D20E262CDCFAE0007E9083 /* TrackerCategory.swift */ = {isa = PBXFileReference; lastKnownFileType = sourcecode.swift; path = TrackerCategory.swift; sourceTree = "<group>"; };
		18D20E282CDCFB5C007E9083 /* TrackerRecord.swift */ = {isa = PBXFileReference; lastKnownFileType = sourcecode.swift; path = TrackerRecord.swift; sourceTree = "<group>"; };
		18D20E342CDD3CF7007E9083 /* FilledButton.swift */ = {isa = PBXFileReference; lastKnownFileType = sourcecode.swift; path = FilledButton.swift; sourceTree = "<group>"; };
		18D20E3A2CDE5203007E9083 /* TrackerCollectionViewCell.swift */ = {isa = PBXFileReference; lastKnownFileType = sourcecode.swift; path = TrackerCollectionViewCell.swift; sourceTree = "<group>"; };
		18D20E3E2CDE54AE007E9083 /* TrackerCardView.swift */ = {isa = PBXFileReference; lastKnownFileType = sourcecode.swift; path = TrackerCardView.swift; sourceTree = "<group>"; };
		18D20E4A2CDFEEAC007E9083 /* TrackerHeaderView.swift */ = {isa = PBXFileReference; lastKnownFileType = sourcecode.swift; path = TrackerHeaderView.swift; sourceTree = "<group>"; };
		29EE9FAE8D6DA8848C1C8543 /* Pods-TrackerTests.release.xcconfig */ = {isa = PBXFileReference; includeInIndex = 1; lastKnownFileType = text.xcconfig; name = "Pods-TrackerTests.release.xcconfig"; path = "Target Support Files/Pods-TrackerTests/Pods-TrackerTests.release.xcconfig"; sourceTree = "<group>"; };
		31F9DCF405D087AF90E825FA /* Pods-Tracker.release.xcconfig */ = {isa = PBXFileReference; includeInIndex = 1; lastKnownFileType = text.xcconfig; name = "Pods-Tracker.release.xcconfig"; path = "Target Support Files/Pods-Tracker/Pods-Tracker.release.xcconfig"; sourceTree = "<group>"; };
		356DE94F40DC13BD7B704D7E /* Pods-Tracker.debug.xcconfig */ = {isa = PBXFileReference; includeInIndex = 1; lastKnownFileType = text.xcconfig; name = "Pods-Tracker.debug.xcconfig"; path = "Target Support Files/Pods-Tracker/Pods-Tracker.debug.xcconfig"; sourceTree = "<group>"; };
		54EA2D301B162CF68D89EAE6 /* Pods_TrackerTests.framework */ = {isa = PBXFileReference; explicitFileType = wrapper.framework; includeInIndex = 0; path = Pods_TrackerTests.framework; sourceTree = BUILT_PRODUCTS_DIR; };
		E30003924D6472E59B0371A7 /* Pods_Tracker.framework */ = {isa = PBXFileReference; explicitFileType = wrapper.framework; includeInIndex = 0; path = Pods_Tracker.framework; sourceTree = BUILT_PRODUCTS_DIR; };
		EDECA6BBE3414335F6473C04 /* Pods-TrackerTests.debug.xcconfig */ = {isa = PBXFileReference; includeInIndex = 1; lastKnownFileType = text.xcconfig; name = "Pods-TrackerTests.debug.xcconfig"; path = "Target Support Files/Pods-TrackerTests/Pods-TrackerTests.debug.xcconfig"; sourceTree = "<group>"; };
/* End PBXFileReference section */

/* Begin PBXFrameworksBuildPhase section */
		180B5CA82CDBD78E003FDE88 /* Frameworks */ = {
			isa = PBXFrameworksBuildPhase;
			buildActionMask = 2147483647;
			files = (
				C1EA38E8701876917C2B83B5 /* Pods_Tracker.framework in Frameworks */,
			);
			runOnlyForDeploymentPostprocessing = 0;
		};
		187294E22D33C1C6004B4D18 /* Frameworks */ = {
			isa = PBXFrameworksBuildPhase;
			buildActionMask = 2147483647;
			files = (
				1833F50D2D48F15200CA7A48 /* SnapshotTestingCustomDump in Frameworks */,
				1833F50B2D48F15200CA7A48 /* SnapshotTesting in Frameworks */,
				1833F5092D48F15200CA7A48 /* InlineSnapshotTesting in Frameworks */,
				89FF9D7DBE8AC190CA56D227 /* Pods_TrackerTests.framework in Frameworks */,
			);
			runOnlyForDeploymentPostprocessing = 0;
		};
/* End PBXFrameworksBuildPhase section */

/* Begin PBXGroup section */
		11E46289813635194151E347 /* Pods */ = {
			isa = PBXGroup;
			children = (
				356DE94F40DC13BD7B704D7E /* Pods-Tracker.debug.xcconfig */,
				31F9DCF405D087AF90E825FA /* Pods-Tracker.release.xcconfig */,
				EDECA6BBE3414335F6473C04 /* Pods-TrackerTests.debug.xcconfig */,
				29EE9FAE8D6DA8848C1C8543 /* Pods-TrackerTests.release.xcconfig */,
			);
			path = Pods;
			sourceTree = "<group>";
		};
		180B5CA22CDBD78E003FDE88 = {
			isa = PBXGroup;
			children = (
				180B5CAD2CDBD78E003FDE88 /* Tracker */,
				187294E62D33C1C6004B4D18 /* TrackerTests */,
				180B5CAC2CDBD78E003FDE88 /* Products */,
				11E46289813635194151E347 /* Pods */,
				DAAF5A09A891921AE078D1E2 /* Frameworks */,
			);
			sourceTree = "<group>";
		};
		180B5CAC2CDBD78E003FDE88 /* Products */ = {
			isa = PBXGroup;
			children = (
				180B5CAB2CDBD78E003FDE88 /* Tracker.app */,
				187294E52D33C1C6004B4D18 /* TrackerTests.xctest */,
			);
			name = Products;
			sourceTree = "<group>";
		};
		180B5CAD2CDBD78E003FDE88 /* Tracker */ = {
			isa = PBXGroup;
			children = (
				180B5CC32CDBD912003FDE88 /* Application */,
				181F9EBD2CFD8DD700B0F835 /* Domain */,
				189AC1D72D182B7500717D6F /* Model */,
				18D20E2D2CDD2290007E9083 /* Presentation */,
				18D20E422CDF4451007E9083 /* Persistence */,
				1898D6602D218F7A00EDCD42 /* Logging */,
				18D20E302CDD22ED007E9083 /* Common */,
				180B5CC22CDBD90A003FDE88 /* Resources */,
				1833F50E2D493F1500CA7A48 /* AppMetrica */,
				1833F4D62D44E72F00CA7A48 /* Localization */,
			);
			path = Tracker;
			sourceTree = "<group>";
		};
		180B5CC22CDBD90A003FDE88 /* Resources */ = {
			isa = PBXGroup;
			children = (
				180B5CB72CDBD78F003FDE88 /* Assets.xcassets */,
				180B5CB92CDBD78F003FDE88 /* LaunchScreen.storyboard */,
				180B5CBC2CDBD78F003FDE88 /* Info.plist */,
			);
			path = Resources;
			sourceTree = "<group>";
		};
		180B5CC32CDBD912003FDE88 /* Application */ = {
			isa = PBXGroup;
			children = (
				180B5CAE2CDBD78E003FDE88 /* AppDelegate.swift */,
				180B5CB02CDBD78E003FDE88 /* SceneDelegate.swift */,
				187295382D397E18004B4D18 /* AppCoordinator.swift */,
			);
			path = Application;
			sourceTree = "<group>";
		};
		181F9EBD2CFD8DD700B0F835 /* Domain */ = {
			isa = PBXGroup;
			children = (
				18D20E222CDCF630007E9083 /* Tracker.swift */,
				18D20E262CDCFAE0007E9083 /* TrackerCategory.swift */,
				18D20E282CDCFB5C007E9083 /* TrackerRecord.swift */,
				181F9EC32CFDE76B00B0F835 /* TrackerQuery.swift */,
				1833F4FA2D468D8100CA7A48 /* Statistic.swift */,
			);
			path = Domain;
			sourceTree = "<group>";
		};
		181F9EBF2CFD8E5100B0F835 /* View */ = {
			isa = PBXGroup;
			children = (
				18D20DE92CDBF50B007E9083 /* TrackersViewController.swift */,
				18D20E4A2CDFEEAC007E9083 /* TrackerHeaderView.swift */,
				181F9F1F2D048B0B00B0F835 /* TrackerCell */,
			);
			path = View;
			sourceTree = "<group>";
		};
		181F9F1F2D048B0B00B0F835 /* TrackerCell */ = {
			isa = PBXGroup;
			children = (
				18D20E3A2CDE5203007E9083 /* TrackerCollectionViewCell.swift */,
				18D20E3E2CDE54AE007E9083 /* TrackerCardView.swift */,
			);
			path = TrackerCell;
			sourceTree = "<group>";
		};
		181F9F5A2D05E38700B0F835 /* TabBar */ = {
			isa = PBXGroup;
			children = (
				18D20DF52CDC084C007E9083 /* MainTabBarController.swift */,
			);
			path = TabBar;
			sourceTree = "<group>";
		};
		181F9F682D06FC0A00B0F835 /* Helpers */ = {
			isa = PBXGroup;
			children = (
				18CB8A062D08A26D00BE9F71 /* Utilities.swift */,
				189AC1D02D15B16F00717D6F /* Constants.swift */,
				187294F42D343A78004B4D18 /* Binding.swift */,
			);
			path = Helpers;
			sourceTree = "<group>";
		};
		1833F4D62D44E72F00CA7A48 /* Localization */ = {
			isa = PBXGroup;
			children = (
				1872955B2D43CA8F004B4D18 /* Localizable.strings */,
				187295642D440255004B4D18 /* Localizable.stringsdict */,
				1833F4D72D44E75200CA7A48 /* InfoPlist.strings */,
			);
			path = Localization;
			sourceTree = "<group>";
		};
		1833F4EF2D450BEC00CA7A48 /* Filters */ = {
			isa = PBXGroup;
			children = (
				1833F4F02D450BFF00CA7A48 /* View */,
				1833F4F12D450C0E00CA7A48 /* ViewModel */,
			);
			path = Filters;
			sourceTree = "<group>";
		};
		1833F4F02D450BFF00CA7A48 /* View */ = {
			isa = PBXGroup;
			children = (
				1833F4F22D450C4000CA7A48 /* FiltersViewController.swift */,
			);
			path = View;
			sourceTree = "<group>";
		};
		1833F4F12D450C0E00CA7A48 /* ViewModel */ = {
			isa = PBXGroup;
			children = (
				1833F4F42D4510DB00CA7A48 /* FiltersViewModel.swift */,
			);
			path = ViewModel;
			sourceTree = "<group>";
		};
		1833F5002D48EBBD00CA7A48 /* SnapshotTests */ = {
			isa = PBXGroup;
			children = (
				1833F5012D48EBD300CA7A48 /* TrackerSnapshotTests.swift */,
				1833F5052D48ECF900CA7A48 /* MocksViewModel.swift */,
			);
			path = SnapshotTests;
			sourceTree = "<group>";
		};
		1833F50E2D493F1500CA7A48 /* AppMetrica */ = {
			isa = PBXGroup;
			children = (
				1833F50F2D493F2A00CA7A48 /* AppMetricaService.swift */,
			);
			path = AppMetrica;
			sourceTree = "<group>";
		};
		1841E4B42D2AA78900EC7933 /* ColorCollectionView */ = {
			isa = PBXGroup;
			children = (
				189AC1382D0C59FE00717D6F /* ColorCollectionViewDataSource.swift */,
				189AC13C2D0C5A1600717D6F /* ColorCollectionViewCell.swift */,
			);
			path = ColorCollectionView;
			sourceTree = "<group>";
		};
		187294E62D33C1C6004B4D18 /* TrackerTests */ = {
			isa = PBXGroup;
			children = (
				1833F5002D48EBBD00CA7A48 /* SnapshotTests */,
				187295562D3CF3FE004B4D18 /* DataStoreTests */,
				187294F92D355ED7004B4D18 /* TrackersViewModel */,
				187294EE2D33C1E2004B4D18 /* LoggerTests.swift */,
				187294F22D33CA57004B4D18 /* MainTabBarControllerTests.swift */,
			);
			path = TrackerTests;
			sourceTree = "<group>";
		};
		187294F92D355ED7004B4D18 /* TrackersViewModel */ = {
			isa = PBXGroup;
			children = (
				187294FC2D3560F8004B4D18 /* TrackersViewModelTests.swift */,
				187294FA2D355EEF004B4D18 /* MockTrackerStore.swift */,
				187294FE2D356501004B4D18 /* MockTrackerProvider.swift */,
			);
			path = TrackersViewModel;
			sourceTree = "<group>";
		};
		187295312D39665C004B4D18 /* Onboarding */ = {
			isa = PBXGroup;
			children = (
				187295322D39667B004B4D18 /* OnboardingViewController.swift */,
			);
			path = Onboarding;
			sourceTree = "<group>";
		};
		1872953E2D3986BD004B4D18 /* TrackerCategories */ = {
			isa = PBXGroup;
			children = (
				1872953F2D3A7582004B4D18 /* View */,
				187295402D3A7585004B4D18 /* ViewModel */,
			);
			path = TrackerCategories;
			sourceTree = "<group>";
		};
		1872953F2D3A7582004B4D18 /* View */ = {
			isa = PBXGroup;
			children = (
				187295412D3A75B7004B4D18 /* TrackerCategoriesViewController.swift */,
				187295452D3A7F10004B4D18 /* CategoryTableViewCell.swift */,
			);
			path = View;
			sourceTree = "<group>";
		};
		187295402D3A7585004B4D18 /* ViewModel */ = {
			isa = PBXGroup;
			children = (
				187295432D3A76A6004B4D18 /* TrackerCategoriesViewModel.swift */,
			);
			path = ViewModel;
			sourceTree = "<group>";
		};
		187295492D3A8D2C004B4D18 /* CategoryEditing */ = {
			isa = PBXGroup;
			children = (
				1872954A2D3A8E32004B4D18 /* View */,
				1872954B2D3A8E37004B4D18 /* ViewModel */,
			);
			path = CategoryEditing;
			sourceTree = "<group>";
		};
		1872954A2D3A8E32004B4D18 /* View */ = {
			isa = PBXGroup;
			children = (
				1872954C2D3A8E4B004B4D18 /* CategoryEditingViewController.swift */,
			);
			path = View;
			sourceTree = "<group>";
		};
		1872954B2D3A8E37004B4D18 /* ViewModel */ = {
			isa = PBXGroup;
			children = (
				187295502D3BE863004B4D18 /* CategoryEditingViewModel.swift */,
			);
			path = ViewModel;
			sourceTree = "<group>";
		};
		187295562D3CF3FE004B4D18 /* DataStoreTests */ = {
			isa = PBXGroup;
			children = (
				187295572D3D0045004B4D18 /* TestCoreDataStack.swift */,
				187295592D3D00FF004B4D18 /* TrackerStoreTests.swift */,
			);
			path = DataStoreTests;
			sourceTree = "<group>";
		};
		187FBB5D2CE545F30079266A /* ViewModel */ = {
			isa = PBXGroup;
			children = (
				187FBB632CE5E82A0079266A /* TrackersViewModel.swift */,
				181F9F1D2D04692C00B0F835 /* TrackerCellViewModel.swift */,
			);
			path = ViewModel;
			sourceTree = "<group>";
		};
		1898D65B2D1F170500EDCD42 /* DataProviders */ = {
			isa = PBXGroup;
			children = (
				1898D6592D1F105900EDCD42 /* TrackerProvider.swift */,
				1898D6632D2196AA00EDCD42 /* TrackerCategoryProvider.swift */,
				1833F4F62D46838A00CA7A48 /* TrackerRecordProvider.swift */,
			);
			path = DataProviders;
			sourceTree = "<group>";
		};
		1898D6602D218F7A00EDCD42 /* Logging */ = {
			isa = PBXGroup;
			children = (
				1898D6612D218F8600EDCD42 /* Logger.swift */,
			);
			path = Logging;
			sourceTree = "<group>";
		};
		189AC18C2D0F2D1600717D6F /* ManagedObjects */ = {
			isa = PBXGroup;
			children = (
				189AC1B72D106BB800717D6F /* TrackerCoreData.swift */,
				189AC1B32D106BB800717D6F /* TrackerCategoryCoreData.swift */,
				189AC1B52D106BB800717D6F /* TrackerRecordCoreData.swift */,
			);
			path = ManagedObjects;
			sourceTree = "<group>";
		};
		189AC1C12D108E0600717D6F /* ValueTransformers */ = {
			isa = PBXGroup;
			children = (
				189AC1C62D11A72C00717D6F /* UIColorTransformer.swift */,
			);
			path = ValueTransformers;
			sourceTree = "<group>";
		};
		189AC1D22D15B1D200717D6F /* Stores */ = {
			isa = PBXGroup;
			children = (
				189AC1CE2D11BC3D00717D6F /* DataStore.swift */,
				189AC19E2D1001DA00717D6F /* TrackerStore.swift */,
				189AC1A02D1001EA00717D6F /* TrackerCategoryStore.swift */,
				189AC1A22D1001F200717D6F /* TrackerRecordStore.swift */,
			);
			path = Stores;
			sourceTree = "<group>";
		};
		189AC1D72D182B7500717D6F /* Model */ = {
			isa = PBXGroup;
			children = (
				189AC18D2D0F2D3F00717D6F /* TrackerModel.xcdatamodeld */,
				189AC18C2D0F2D1600717D6F /* ManagedObjects */,
			);
			path = Model;
			sourceTree = "<group>";
		};
		18CB89FC2D07799100BE9F71 /* TrackerEditing */ = {
			isa = PBXGroup;
			children = (
				18CB89FD2D0779A200BE9F71 /* View */,
				18CB89FE2D0779A700BE9F71 /* ViewModel */,
			);
			path = TrackerEditing;
			sourceTree = "<group>";
		};
		18CB89FD2D0779A200BE9F71 /* View */ = {
			isa = PBXGroup;
			children = (
				18CB89FF2D0779C100BE9F71 /* TrackerEditingViewController.swift */,
				18CB8A032D0897F900BE9F71 /* TrackerTitleTextFieldDelegate.swift */,
				18CB8A0C2D0AD72100BE9F71 /* CategoryAndScheduleTableView */,
				18CB8A2C2D0C3F6000BE9F71 /* PickerCollectionViews */,
			);
			path = View;
			sourceTree = "<group>";
		};
		18CB89FE2D0779A700BE9F71 /* ViewModel */ = {
			isa = PBXGroup;
			children = (
				18CB8A012D077A0F00BE9F71 /* TrackerEditingViewModel.swift */,
			);
			path = ViewModel;
			sourceTree = "<group>";
		};
		18CB8A0C2D0AD72100BE9F71 /* CategoryAndScheduleTableView */ = {
			isa = PBXGroup;
			children = (
				18CB8A082D08B0E200BE9F71 /* CategoryAndScheduleTableViewDelegate.swift */,
				18CB8A0D2D0AD7AE00BE9F71 /* CategoryAndScheduleTableViewDataSource.swift */,
			);
			path = CategoryAndScheduleTableView;
			sourceTree = "<group>";
		};
		18CB8A102D0B277F00BE9F71 /* TrackerSchedule */ = {
			isa = PBXGroup;
			children = (
				18CB8A112D0B278900BE9F71 /* View */,
				18CB8A122D0B278B00BE9F71 /* ViewModel */,
			);
			path = TrackerSchedule;
			sourceTree = "<group>";
		};
		18CB8A112D0B278900BE9F71 /* View */ = {
			isa = PBXGroup;
			children = (
				18CB8A132D0B279D00BE9F71 /* TrackerScheduleViewController.swift */,
				187FBB542CE4FF900079266A /* ScheduleTableViewCell.swift */,
			);
			path = View;
			sourceTree = "<group>";
		};
		18CB8A122D0B278B00BE9F71 /* ViewModel */ = {
			isa = PBXGroup;
			children = (
				18CB8A172D0B27DB00BE9F71 /* TrackerScheduleViewModel.swift */,
			);
			path = ViewModel;
			sourceTree = "<group>";
		};
		18CB8A2C2D0C3F6000BE9F71 /* PickerCollectionViews */ = {
			isa = PBXGroup;
			children = (
				1841E4B22D2AA5B300EC7933 /* PickerCollectionViewDelegate.swift */,
				18CB8A2E2D0C449700BE9F71 /* PickerHeaderReusableView.swift */,
				1841E4B42D2AA78900EC7933 /* ColorCollectionView */,
				18CB8A2D2D0C3F6900BE9F71 /* EmojiCollectionView */,
			);
			path = PickerCollectionViews;
			sourceTree = "<group>";
		};
		18CB8A2D2D0C3F6900BE9F71 /* EmojiCollectionView */ = {
			isa = PBXGroup;
			children = (
				1841E4B02D2AA55D00EC7933 /* Emojis.plist */,
				18CB8A262D0C3E5000BE9F71 /* EmojiCollectionViewDataSource.swift */,
				18CB8A2A2D0C3F3300BE9F71 /* EmojiCollectionViewCell.swift */,
			);
			path = EmojiCollectionView;
			sourceTree = "<group>";
		};
		18D20DEE2CDBF8DC007E9083 /* Extensions */ = {
			isa = PBXGroup;
			children = (
				18D20DEF2CDBF8FB007E9083 /* UIView+Extensions.swift */,
				1847BBAD2CE9D13200092A7A /* Date+Extensions.swift */,
				181F9EC12CFDD71E00B0F835 /* Weekday+Extensions.swift */,
				18CB8A232D0C368D00BE9F71 /* UIColor+Extensions.swift */,
			);
			path = Extensions;
			sourceTree = "<group>";
		};
		18D20E2D2CDD2290007E9083 /* Presentation */ = {
			isa = PBXGroup;
			children = (
				187295312D39665C004B4D18 /* Onboarding */,
				181F9F5A2D05E38700B0F835 /* TabBar */,
				18D20E562CE27E7C007E9083 /* Trackers */,
				1833F4EF2D450BEC00CA7A48 /* Filters */,
				18D20E2F2CDD22A1007E9083 /* Statistics */,
				18D20E592CE27F73007E9083 /* TrackerCreation */,
				18CB89FC2D07799100BE9F71 /* TrackerEditing */,
				18CB8A102D0B277F00BE9F71 /* TrackerSchedule */,
				1872953E2D3986BD004B4D18 /* TrackerCategories */,
				187295492D3A8D2C004B4D18 /* CategoryEditing */,
			);
			path = Presentation;
			sourceTree = "<group>";
		};
		18D20E2F2CDD22A1007E9083 /* Statistics */ = {
			isa = PBXGroup;
			children = (
				18D20DF32CDC0811007E9083 /* StatisticsViewController.swift */,
				1833F4F82D46896700CA7A48 /* StatisticsService.swift */,
				1833F4FC2D46962200CA7A48 /* StatisticsCell.swift */,
			);
			path = Statistics;
			sourceTree = "<group>";
		};
		18D20E302CDD22ED007E9083 /* Common */ = {
			isa = PBXGroup;
			children = (
				189AC1C12D108E0600717D6F /* ValueTransformers */,
				181F9F682D06FC0A00B0F835 /* Helpers */,
				18D20DEE2CDBF8DC007E9083 /* Extensions */,
				18D20E312CDD2318007E9083 /* Views */,
			);
			path = Common;
			sourceTree = "<group>";
		};
		18D20E312CDD2318007E9083 /* Views */ = {
			isa = PBXGroup;
			children = (
				18D20DEC2CDBF6A6007E9083 /* PlaceholderView.swift */,
				18D20E342CDD3CF7007E9083 /* FilledButton.swift */,
				187FBB522CE4F9880079266A /* UndoButton.swift */,
				1872954E2D3A9010004B4D18 /* TitleTextField.swift */,
			);
			path = Views;
			sourceTree = "<group>";
		};
		18D20E422CDF4451007E9083 /* Persistence */ = {
			isa = PBXGroup;
			children = (
				189AC19C2D0F32FC00717D6F /* CoreDataStack.swift */,
				189AC1D22D15B1D200717D6F /* Stores */,
				1898D65B2D1F170500EDCD42 /* DataProviders */,
			);
			path = Persistence;
			sourceTree = "<group>";
		};
		18D20E562CE27E7C007E9083 /* Trackers */ = {
			isa = PBXGroup;
			children = (
				181F9EBF2CFD8E5100B0F835 /* View */,
				187FBB5D2CE545F30079266A /* ViewModel */,
			);
			name = Trackers;
			path = Trackers/Trackers;
			sourceTree = "<group>";
		};
		18D20E592CE27F73007E9083 /* TrackerCreation */ = {
			isa = PBXGroup;
			children = (
				181F9F722D07759100B0F835 /* TrackerCreationViewController.swift */,
			);
			path = TrackerCreation;
			sourceTree = "<group>";
		};
		DAAF5A09A891921AE078D1E2 /* Frameworks */ = {
			isa = PBXGroup;
			children = (
				E30003924D6472E59B0371A7 /* Pods_Tracker.framework */,
				54EA2D301B162CF68D89EAE6 /* Pods_TrackerTests.framework */,
			);
			name = Frameworks;
			sourceTree = "<group>";
		};
/* End PBXGroup section */

/* Begin PBXNativeTarget section */
		180B5CAA2CDBD78E003FDE88 /* Tracker */ = {
			isa = PBXNativeTarget;
			buildConfigurationList = 180B5CBF2CDBD78F003FDE88 /* Build configuration list for PBXNativeTarget "Tracker" */;
			buildPhases = (
				32D5E3B39598E290A09DB724 /* [CP] Check Pods Manifest.lock */,
				180B5CA72CDBD78E003FDE88 /* Sources */,
				180B5CA82CDBD78E003FDE88 /* Frameworks */,
				180B5CA92CDBD78E003FDE88 /* Resources */,
				3B7BA45C6B9C7C14EB38A89B /* [CP] Embed Pods Frameworks */,
			);
			buildRules = (
			);
			dependencies = (
			);
			name = Tracker;
			productName = Tracker;
			productReference = 180B5CAB2CDBD78E003FDE88 /* Tracker.app */;
			productType = "com.apple.product-type.application";
		};
		187294E42D33C1C6004B4D18 /* TrackerTests */ = {
			isa = PBXNativeTarget;
			buildConfigurationList = 187294ED2D33C1C6004B4D18 /* Build configuration list for PBXNativeTarget "TrackerTests" */;
			buildPhases = (
				0EE674C43B407C90F422123F /* [CP] Check Pods Manifest.lock */,
				187294E12D33C1C6004B4D18 /* Sources */,
				187294E22D33C1C6004B4D18 /* Frameworks */,
				187294E32D33C1C6004B4D18 /* Resources */,
			);
			buildRules = (
			);
			dependencies = (
				187294EA2D33C1C6004B4D18 /* PBXTargetDependency */,
			);
			name = TrackerTests;
			packageProductDependencies = (
				1833F5082D48F15200CA7A48 /* InlineSnapshotTesting */,
				1833F50A2D48F15200CA7A48 /* SnapshotTesting */,
				1833F50C2D48F15200CA7A48 /* SnapshotTestingCustomDump */,
			);
			productName = TrackerTests;
			productReference = 187294E52D33C1C6004B4D18 /* TrackerTests.xctest */;
			productType = "com.apple.product-type.bundle.unit-test";
		};
/* End PBXNativeTarget section */

/* Begin PBXProject section */
		180B5CA32CDBD78E003FDE88 /* Project object */ = {
			isa = PBXProject;
			attributes = {
				BuildIndependentTargetsInParallel = 1;
				LastSwiftUpdateCheck = 1540;
				LastUpgradeCheck = 1540;
				TargetAttributes = {
					180B5CAA2CDBD78E003FDE88 = {
						CreatedOnToolsVersion = 15.4;
					};
					187294E42D33C1C6004B4D18 = {
						CreatedOnToolsVersion = 15.4;
						TestTargetID = 180B5CAA2CDBD78E003FDE88;
					};
				};
			};
			buildConfigurationList = 180B5CA62CDBD78E003FDE88 /* Build configuration list for PBXProject "Tracker" */;
			compatibilityVersion = "Xcode 14.0";
			developmentRegion = en;
			hasScannedForEncodings = 0;
			knownRegions = (
				en,
				Base,
				ar,
				de,
				ru,
			);
			mainGroup = 180B5CA22CDBD78E003FDE88;
			packageReferences = (
				1833F5072D48F15200CA7A48 /* XCRemoteSwiftPackageReference "swift-snapshot-testing" */,
			);
			productRefGroup = 180B5CAC2CDBD78E003FDE88 /* Products */;
			projectDirPath = "";
			projectRoot = "";
			targets = (
				180B5CAA2CDBD78E003FDE88 /* Tracker */,
				187294E42D33C1C6004B4D18 /* TrackerTests */,
			);
		};
/* End PBXProject section */

/* Begin PBXResourcesBuildPhase section */
		180B5CA92CDBD78E003FDE88 /* Resources */ = {
			isa = PBXResourcesBuildPhase;
			buildActionMask = 2147483647;
			files = (
				1841E4B12D2AA55D00EC7933 /* Emojis.plist in Resources */,
				1833F4D92D44E75200CA7A48 /* InfoPlist.strings in Resources */,
				1872955D2D43CA8F004B4D18 /* Localizable.strings in Resources */,
				180B5CB82CDBD78F003FDE88 /* Assets.xcassets in Resources */,
				187295662D440255004B4D18 /* Localizable.stringsdict in Resources */,
				180B5CBB2CDBD78F003FDE88 /* Base in Resources */,
			);
			runOnlyForDeploymentPostprocessing = 0;
		};
		187294E32D33C1C6004B4D18 /* Resources */ = {
			isa = PBXResourcesBuildPhase;
			buildActionMask = 2147483647;
			files = (
			);
			runOnlyForDeploymentPostprocessing = 0;
		};
/* End PBXResourcesBuildPhase section */

/* Begin PBXShellScriptBuildPhase section */
		0EE674C43B407C90F422123F /* [CP] Check Pods Manifest.lock */ = {
			isa = PBXShellScriptBuildPhase;
			buildActionMask = 2147483647;
			files = (
			);
			inputFileListPaths = (
			);
			inputPaths = (
				"${PODS_PODFILE_DIR_PATH}/Podfile.lock",
				"${PODS_ROOT}/Manifest.lock",
			);
			name = "[CP] Check Pods Manifest.lock";
			outputFileListPaths = (
			);
			outputPaths = (
				"$(DERIVED_FILE_DIR)/Pods-TrackerTests-checkManifestLockResult.txt",
			);
			runOnlyForDeploymentPostprocessing = 0;
			shellPath = /bin/sh;
			shellScript = "diff \"${PODS_PODFILE_DIR_PATH}/Podfile.lock\" \"${PODS_ROOT}/Manifest.lock\" > /dev/null\nif [ $? != 0 ] ; then\n    # print error to STDERR\n    echo \"error: The sandbox is not in sync with the Podfile.lock. Run 'pod install' or update your CocoaPods installation.\" >&2\n    exit 1\nfi\n# This output is used by Xcode 'outputs' to avoid re-running this script phase.\necho \"SUCCESS\" > \"${SCRIPT_OUTPUT_FILE_0}\"\n";
			showEnvVarsInLog = 0;
		};
		32D5E3B39598E290A09DB724 /* [CP] Check Pods Manifest.lock */ = {
			isa = PBXShellScriptBuildPhase;
			buildActionMask = 2147483647;
			files = (
			);
			inputFileListPaths = (
			);
			inputPaths = (
				"${PODS_PODFILE_DIR_PATH}/Podfile.lock",
				"${PODS_ROOT}/Manifest.lock",
			);
			name = "[CP] Check Pods Manifest.lock";
			outputFileListPaths = (
			);
			outputPaths = (
				"$(DERIVED_FILE_DIR)/Pods-Tracker-checkManifestLockResult.txt",
			);
			runOnlyForDeploymentPostprocessing = 0;
			shellPath = /bin/sh;
			shellScript = "diff \"${PODS_PODFILE_DIR_PATH}/Podfile.lock\" \"${PODS_ROOT}/Manifest.lock\" > /dev/null\nif [ $? != 0 ] ; then\n    # print error to STDERR\n    echo \"error: The sandbox is not in sync with the Podfile.lock. Run 'pod install' or update your CocoaPods installation.\" >&2\n    exit 1\nfi\n# This output is used by Xcode 'outputs' to avoid re-running this script phase.\necho \"SUCCESS\" > \"${SCRIPT_OUTPUT_FILE_0}\"\n";
			showEnvVarsInLog = 0;
		};
		3B7BA45C6B9C7C14EB38A89B /* [CP] Embed Pods Frameworks */ = {
			isa = PBXShellScriptBuildPhase;
			buildActionMask = 2147483647;
			files = (
			);
			inputFileListPaths = (
				"${PODS_ROOT}/Target Support Files/Pods-Tracker/Pods-Tracker-frameworks-${CONFIGURATION}-input-files.xcfilelist",
			);
			name = "[CP] Embed Pods Frameworks";
			outputFileListPaths = (
				"${PODS_ROOT}/Target Support Files/Pods-Tracker/Pods-Tracker-frameworks-${CONFIGURATION}-output-files.xcfilelist",
			);
			runOnlyForDeploymentPostprocessing = 0;
			shellPath = /bin/sh;
			shellScript = "\"${PODS_ROOT}/Target Support Files/Pods-Tracker/Pods-Tracker-frameworks.sh\"\n";
			showEnvVarsInLog = 0;
		};
/* End PBXShellScriptBuildPhase section */

/* Begin PBXSourcesBuildPhase section */
		180B5CA72CDBD78E003FDE88 /* Sources */ = {
			isa = PBXSourcesBuildPhase;
			buildActionMask = 2147483647;
			files = (
				1841E4B32D2AA5B300EC7933 /* PickerCollectionViewDelegate.swift in Sources */,
				181F9F752D07759100B0F835 /* TrackerCreationViewController.swift in Sources */,
				18D20DF02CDBF8FB007E9083 /* UIView+Extensions.swift in Sources */,
				189AC1B92D106BB800717D6F /* TrackerCategoryCoreData.swift in Sources */,
				189AC1BB2D106BB800717D6F /* TrackerRecordCoreData.swift in Sources */,
				189AC1BD2D106BB800717D6F /* TrackerCoreData.swift in Sources */,
				18D20DF62CDC084C007E9083 /* MainTabBarController.swift in Sources */,
				187294F52D343A78004B4D18 /* Binding.swift in Sources */,
				180B5CAF2CDBD78E003FDE88 /* AppDelegate.swift in Sources */,
				189AC1CF2D11BC3D00717D6F /* DataStore.swift in Sources */,
				1833F4F52D4510DB00CA7A48 /* FiltersViewModel.swift in Sources */,
				18D20E3F2CDE54AE007E9083 /* TrackerCardView.swift in Sources */,
				189AC19F2D1001DA00717D6F /* TrackerStore.swift in Sources */,
				189AC1C72D11A72C00717D6F /* UIColorTransformer.swift in Sources */,
				1833F4FD2D46962200CA7A48 /* StatisticsCell.swift in Sources */,
				18CB8A2B2D0C3F3300BE9F71 /* EmojiCollectionViewCell.swift in Sources */,
				187295462D3A7F10004B4D18 /* CategoryTableViewCell.swift in Sources */,
				18CB8A272D0C3E5000BE9F71 /* EmojiCollectionViewDataSource.swift in Sources */,
				189AC13D2D0C5A1600717D6F /* ColorCollectionViewCell.swift in Sources */,
				1833F4FB2D468D8100CA7A48 /* Statistic.swift in Sources */,
				18CB8A092D08B0E200BE9F71 /* CategoryAndScheduleTableViewDelegate.swift in Sources */,
				1898D6642D2196AA00EDCD42 /* TrackerCategoryProvider.swift in Sources */,
				187FBB552CE4FF900079266A /* ScheduleTableViewCell.swift in Sources */,
				181F9EC22CFDD71E00B0F835 /* Weekday+Extensions.swift in Sources */,
				187295392D397E18004B4D18 /* AppCoordinator.swift in Sources */,
				18D20E352CDD3CF7007E9083 /* FilledButton.swift in Sources */,
				189AC1A12D1001EA00717D6F /* TrackerCategoryStore.swift in Sources */,
				1847BBAE2CE9D13200092A7A /* Date+Extensions.swift in Sources */,
				18D20E232CDCF630007E9083 /* Tracker.swift in Sources */,
				1872954F2D3A9010004B4D18 /* TitleTextField.swift in Sources */,
				1898D65A2D1F105900EDCD42 /* TrackerProvider.swift in Sources */,
				187295422D3A75B7004B4D18 /* TrackerCategoriesViewController.swift in Sources */,
				189AC19D2D0F32FC00717D6F /* CoreDataStack.swift in Sources */,
				18CB8A042D0897F900BE9F71 /* TrackerTitleTextFieldDelegate.swift in Sources */,
				18CB8A242D0C368D00BE9F71 /* UIColor+Extensions.swift in Sources */,
				181F9F1E2D04692C00B0F835 /* TrackerCellViewModel.swift in Sources */,
				18D20DEA2CDBF50B007E9083 /* TrackersViewController.swift in Sources */,
				18D20E292CDCFB5C007E9083 /* TrackerRecord.swift in Sources */,
				18CB8A002D0779C100BE9F71 /* TrackerEditingViewController.swift in Sources */,
				18CB8A142D0B279D00BE9F71 /* TrackerScheduleViewController.swift in Sources */,
				1833F4F72D46838A00CA7A48 /* TrackerRecordProvider.swift in Sources */,
				18CB8A2F2D0C449700BE9F71 /* PickerHeaderReusableView.swift in Sources */,
				18CB8A022D077A0F00BE9F71 /* TrackerEditingViewModel.swift in Sources */,
				181F9EC42CFDE76B00B0F835 /* TrackerQuery.swift in Sources */,
				1833F4F32D450C4000CA7A48 /* FiltersViewController.swift in Sources */,
				189AC1392D0C59FE00717D6F /* ColorCollectionViewDataSource.swift in Sources */,
				18D20DED2CDBF6A6007E9083 /* PlaceholderView.swift in Sources */,
				187FBB532CE4F9880079266A /* UndoButton.swift in Sources */,
				187295512D3BE863004B4D18 /* CategoryEditingViewModel.swift in Sources */,
				18CB8A072D08A26D00BE9F71 /* Utilities.swift in Sources */,
				187295442D3A76A6004B4D18 /* TrackerCategoriesViewModel.swift in Sources */,
				1833F5102D493F2A00CA7A48 /* AppMetricaService.swift in Sources */,
				189AC1D12D15B16F00717D6F /* Constants.swift in Sources */,
				1872954D2D3A8E4B004B4D18 /* CategoryEditingViewController.swift in Sources */,
				180B5CB12CDBD78E003FDE88 /* SceneDelegate.swift in Sources */,
				189AC18F2D0F2D3F00717D6F /* TrackerModel.xcdatamodeld in Sources */,
				18CB8A182D0B27DB00BE9F71 /* TrackerScheduleViewModel.swift in Sources */,
				1898D6622D218F8600EDCD42 /* Logger.swift in Sources */,
				187295332D39667B004B4D18 /* OnboardingViewController.swift in Sources */,
				18D20E3B2CDE5203007E9083 /* TrackerCollectionViewCell.swift in Sources */,
				18CB8A0E2D0AD7AE00BE9F71 /* CategoryAndScheduleTableViewDataSource.swift in Sources */,
				1833F4F92D46896700CA7A48 /* StatisticsService.swift in Sources */,
				18D20DF42CDC0811007E9083 /* StatisticsViewController.swift in Sources */,
				189AC1A32D1001F200717D6F /* TrackerRecordStore.swift in Sources */,
				187FBB642CE5E82A0079266A /* TrackersViewModel.swift in Sources */,
				18D20E272CDCFAE0007E9083 /* TrackerCategory.swift in Sources */,
				18D20E4B2CDFEEAC007E9083 /* TrackerHeaderView.swift in Sources */,
			);
			runOnlyForDeploymentPostprocessing = 0;
		};
		187294E12D33C1C6004B4D18 /* Sources */ = {
			isa = PBXSourcesBuildPhase;
			buildActionMask = 2147483647;
			files = (
				187294FB2D355EEF004B4D18 /* MockTrackerStore.swift in Sources */,
				187294FD2D3560F8004B4D18 /* TrackersViewModelTests.swift in Sources */,
				1833F5022D48EBD300CA7A48 /* TrackerSnapshotTests.swift in Sources */,
				187294F32D33CA57004B4D18 /* MainTabBarControllerTests.swift in Sources */,
				1833F5062D48ECF900CA7A48 /* MocksViewModel.swift in Sources */,
				1872955A2D3D00FF004B4D18 /* TrackerStoreTests.swift in Sources */,
				187294EF2D33C1E2004B4D18 /* LoggerTests.swift in Sources */,
				187294FF2D356501004B4D18 /* MockTrackerProvider.swift in Sources */,
				187295582D3D0045004B4D18 /* TestCoreDataStack.swift in Sources */,
			);
			runOnlyForDeploymentPostprocessing = 0;
		};
/* End PBXSourcesBuildPhase section */

/* Begin PBXTargetDependency section */
		187294EA2D33C1C6004B4D18 /* PBXTargetDependency */ = {
			isa = PBXTargetDependency;
			target = 180B5CAA2CDBD78E003FDE88 /* Tracker */;
			targetProxy = 187294E92D33C1C6004B4D18 /* PBXContainerItemProxy */;
		};
/* End PBXTargetDependency section */

/* Begin PBXVariantGroup section */
		180B5CB92CDBD78F003FDE88 /* LaunchScreen.storyboard */ = {
			isa = PBXVariantGroup;
			children = (
				180B5CBA2CDBD78F003FDE88 /* Base */,
				1872955E2D43CB83004B4D18 /* ar */,
				187295602D43CB8F004B4D18 /* de */,
				187295622D43CB94004B4D18 /* ru */,
			);
			name = LaunchScreen.storyboard;
			sourceTree = "<group>";
		};
		1833F4D72D44E75200CA7A48 /* InfoPlist.strings */ = {
			isa = PBXVariantGroup;
			children = (
				1833F4D82D44E75200CA7A48 /* en */,
				1833F4DA2D44E77500CA7A48 /* ar */,
				1833F4DB2D44E77600CA7A48 /* de */,
				1833F4DC2D44E77700CA7A48 /* ru */,
			);
			name = InfoPlist.strings;
			sourceTree = "<group>";
		};
		1872955B2D43CA8F004B4D18 /* Localizable.strings */ = {
			isa = PBXVariantGroup;
			children = (
				1872955C2D43CA8F004B4D18 /* en */,
				1872955F2D43CB83004B4D18 /* ar */,
				187295612D43CB8F004B4D18 /* de */,
				187295632D43CB95004B4D18 /* ru */,
			);
			name = Localizable.strings;
			sourceTree = "<group>";
		};
		187295642D440255004B4D18 /* Localizable.stringsdict */ = {
			isa = PBXVariantGroup;
			children = (
				187295652D440255004B4D18 /* en */,
				187295672D4402EE004B4D18 /* ar */,
				187295682D4402EF004B4D18 /* de */,
				187295692D4402F1004B4D18 /* ru */,
			);
			name = Localizable.stringsdict;
			sourceTree = "<group>";
		};
/* End PBXVariantGroup section */

/* Begin XCBuildConfiguration section */
		180B5CBD2CDBD78F003FDE88 /* Debug */ = {
			isa = XCBuildConfiguration;
			buildSettings = {
				ALWAYS_SEARCH_USER_PATHS = NO;
				ASSETCATALOG_COMPILER_GENERATE_SWIFT_ASSET_SYMBOL_EXTENSIONS = YES;
				CLANG_ANALYZER_LOCALIZABILITY_NONLOCALIZED = YES;
				CLANG_ANALYZER_NONNULL = YES;
				CLANG_ANALYZER_NUMBER_OBJECT_CONVERSION = YES_AGGRESSIVE;
				CLANG_CXX_LANGUAGE_STANDARD = "gnu++20";
				CLANG_ENABLE_MODULES = YES;
				CLANG_ENABLE_OBJC_ARC = YES;
				CLANG_ENABLE_OBJC_WEAK = YES;
				CLANG_WARN_BLOCK_CAPTURE_AUTORELEASING = YES;
				CLANG_WARN_BOOL_CONVERSION = YES;
				CLANG_WARN_COMMA = YES;
				CLANG_WARN_CONSTANT_CONVERSION = YES;
				CLANG_WARN_DEPRECATED_OBJC_IMPLEMENTATIONS = YES;
				CLANG_WARN_DIRECT_OBJC_ISA_USAGE = YES_ERROR;
				CLANG_WARN_DOCUMENTATION_COMMENTS = YES;
				CLANG_WARN_EMPTY_BODY = YES;
				CLANG_WARN_ENUM_CONVERSION = YES;
				CLANG_WARN_INFINITE_RECURSION = YES;
				CLANG_WARN_INT_CONVERSION = YES;
				CLANG_WARN_NON_LITERAL_NULL_CONVERSION = YES;
				CLANG_WARN_OBJC_IMPLICIT_RETAIN_SELF = YES;
				CLANG_WARN_OBJC_LITERAL_CONVERSION = YES;
				CLANG_WARN_OBJC_ROOT_CLASS = YES_ERROR;
				CLANG_WARN_QUOTED_INCLUDE_IN_FRAMEWORK_HEADER = YES;
				CLANG_WARN_RANGE_LOOP_ANALYSIS = YES;
				CLANG_WARN_STRICT_PROTOTYPES = YES;
				CLANG_WARN_SUSPICIOUS_MOVE = YES;
				CLANG_WARN_UNGUARDED_AVAILABILITY = YES_AGGRESSIVE;
				CLANG_WARN_UNREACHABLE_CODE = YES;
				CLANG_WARN__DUPLICATE_METHOD_MATCH = YES;
				COPY_PHASE_STRIP = NO;
				DEBUG_INFORMATION_FORMAT = dwarf;
				ENABLE_STRICT_OBJC_MSGSEND = YES;
				ENABLE_TESTABILITY = YES;
				ENABLE_USER_SCRIPT_SANDBOXING = NO;
				GCC_C_LANGUAGE_STANDARD = gnu17;
				GCC_DYNAMIC_NO_PIC = NO;
				GCC_NO_COMMON_BLOCKS = YES;
				GCC_OPTIMIZATION_LEVEL = 0;
				GCC_PREPROCESSOR_DEFINITIONS = (
					"DEBUG=1",
					"$(inherited)",
				);
				GCC_WARN_64_TO_32_BIT_CONVERSION = YES;
				GCC_WARN_ABOUT_RETURN_TYPE = YES_ERROR;
				GCC_WARN_UNDECLARED_SELECTOR = YES;
				GCC_WARN_UNINITIALIZED_AUTOS = YES_AGGRESSIVE;
				GCC_WARN_UNUSED_FUNCTION = YES;
				GCC_WARN_UNUSED_VARIABLE = YES;
				IPHONEOS_DEPLOYMENT_TARGET = 13.4;
				LOCALIZATION_PREFERS_STRING_CATALOGS = YES;
				MTL_ENABLE_DEBUG_INFO = INCLUDE_SOURCE;
				MTL_FAST_MATH = YES;
				ONLY_ACTIVE_ARCH = YES;
				SDKROOT = iphoneos;
				SWIFT_ACTIVE_COMPILATION_CONDITIONS = "DEBUG $(inherited)";
				SWIFT_OPTIMIZATION_LEVEL = "-Onone";
			};
			name = Debug;
		};
		180B5CBE2CDBD78F003FDE88 /* Release */ = {
			isa = XCBuildConfiguration;
			buildSettings = {
				ALWAYS_SEARCH_USER_PATHS = NO;
				ASSETCATALOG_COMPILER_GENERATE_SWIFT_ASSET_SYMBOL_EXTENSIONS = YES;
				CLANG_ANALYZER_LOCALIZABILITY_NONLOCALIZED = YES;
				CLANG_ANALYZER_NONNULL = YES;
				CLANG_ANALYZER_NUMBER_OBJECT_CONVERSION = YES_AGGRESSIVE;
				CLANG_CXX_LANGUAGE_STANDARD = "gnu++20";
				CLANG_ENABLE_MODULES = YES;
				CLANG_ENABLE_OBJC_ARC = YES;
				CLANG_ENABLE_OBJC_WEAK = YES;
				CLANG_WARN_BLOCK_CAPTURE_AUTORELEASING = YES;
				CLANG_WARN_BOOL_CONVERSION = YES;
				CLANG_WARN_COMMA = YES;
				CLANG_WARN_CONSTANT_CONVERSION = YES;
				CLANG_WARN_DEPRECATED_OBJC_IMPLEMENTATIONS = YES;
				CLANG_WARN_DIRECT_OBJC_ISA_USAGE = YES_ERROR;
				CLANG_WARN_DOCUMENTATION_COMMENTS = YES;
				CLANG_WARN_EMPTY_BODY = YES;
				CLANG_WARN_ENUM_CONVERSION = YES;
				CLANG_WARN_INFINITE_RECURSION = YES;
				CLANG_WARN_INT_CONVERSION = YES;
				CLANG_WARN_NON_LITERAL_NULL_CONVERSION = YES;
				CLANG_WARN_OBJC_IMPLICIT_RETAIN_SELF = YES;
				CLANG_WARN_OBJC_LITERAL_CONVERSION = YES;
				CLANG_WARN_OBJC_ROOT_CLASS = YES_ERROR;
				CLANG_WARN_QUOTED_INCLUDE_IN_FRAMEWORK_HEADER = YES;
				CLANG_WARN_RANGE_LOOP_ANALYSIS = YES;
				CLANG_WARN_STRICT_PROTOTYPES = YES;
				CLANG_WARN_SUSPICIOUS_MOVE = YES;
				CLANG_WARN_UNGUARDED_AVAILABILITY = YES_AGGRESSIVE;
				CLANG_WARN_UNREACHABLE_CODE = YES;
				CLANG_WARN__DUPLICATE_METHOD_MATCH = YES;
				COPY_PHASE_STRIP = NO;
				DEBUG_INFORMATION_FORMAT = "dwarf-with-dsym";
				ENABLE_NS_ASSERTIONS = NO;
				ENABLE_STRICT_OBJC_MSGSEND = YES;
				ENABLE_USER_SCRIPT_SANDBOXING = NO;
				GCC_C_LANGUAGE_STANDARD = gnu17;
				GCC_NO_COMMON_BLOCKS = YES;
				GCC_WARN_64_TO_32_BIT_CONVERSION = YES;
				GCC_WARN_ABOUT_RETURN_TYPE = YES_ERROR;
				GCC_WARN_UNDECLARED_SELECTOR = YES;
				GCC_WARN_UNINITIALIZED_AUTOS = YES_AGGRESSIVE;
				GCC_WARN_UNUSED_FUNCTION = YES;
				GCC_WARN_UNUSED_VARIABLE = YES;
				IPHONEOS_DEPLOYMENT_TARGET = 13.4;
				LOCALIZATION_PREFERS_STRING_CATALOGS = YES;
				MTL_ENABLE_DEBUG_INFO = NO;
				MTL_FAST_MATH = YES;
				SDKROOT = iphoneos;
				SWIFT_COMPILATION_MODE = wholemodule;
				VALIDATE_PRODUCT = YES;
			};
			name = Release;
		};
		180B5CC02CDBD78F003FDE88 /* Debug */ = {
			isa = XCBuildConfiguration;
			baseConfigurationReference = 356DE94F40DC13BD7B704D7E /* Pods-Tracker.debug.xcconfig */;
			buildSettings = {
				ASSETCATALOG_COMPILER_APPICON_NAME = AppIcon;
				ASSETCATALOG_COMPILER_GLOBAL_ACCENT_COLOR_NAME = AccentColor;
				CODE_SIGN_STYLE = Automatic;
				CURRENT_PROJECT_VERSION = 1;
				DEVELOPMENT_TEAM = 3UVVPY2T4W;
				GENERATE_INFOPLIST_FILE = YES;
				INFOPLIST_FILE = Tracker/Resources/Info.plist;
				INFOPLIST_KEY_UIApplicationSupportsIndirectInputEvents = YES;
				INFOPLIST_KEY_UILaunchStoryboardName = LaunchScreen;
				INFOPLIST_KEY_UISupportedInterfaceOrientations = UIInterfaceOrientationPortrait;
				INFOPLIST_KEY_UISupportedInterfaceOrientations_iPad = "UIInterfaceOrientationLandscapeLeft UIInterfaceOrientationLandscapeRight UIInterfaceOrientationPortrait UIInterfaceOrientationPortraitUpsideDown";
				IPHONEOS_DEPLOYMENT_TARGET = 13.4;
				LD_RUNPATH_SEARCH_PATHS = (
					"$(inherited)",
					"@executable_path/Frameworks",
				);
				MARKETING_VERSION = 1.0;
				PRODUCT_BUNDLE_IDENTIFIER = ru.gibbonch.Tracker;
				PRODUCT_NAME = "$(TARGET_NAME)";
				SUPPORTED_PLATFORMS = "iphoneos iphonesimulator";
				SUPPORTS_MACCATALYST = NO;
				SUPPORTS_MAC_DESIGNED_FOR_IPHONE_IPAD = NO;
				SUPPORTS_XR_DESIGNED_FOR_IPHONE_IPAD = NO;
				SWIFT_EMIT_LOC_STRINGS = YES;
				SWIFT_VERSION = 5.0;
				TARGETED_DEVICE_FAMILY = 1;
			};
			name = Debug;
		};
		180B5CC12CDBD78F003FDE88 /* Release */ = {
			isa = XCBuildConfiguration;
			baseConfigurationReference = 31F9DCF405D087AF90E825FA /* Pods-Tracker.release.xcconfig */;
			buildSettings = {
				ASSETCATALOG_COMPILER_APPICON_NAME = AppIcon;
				ASSETCATALOG_COMPILER_GLOBAL_ACCENT_COLOR_NAME = AccentColor;
				CODE_SIGN_STYLE = Automatic;
				CURRENT_PROJECT_VERSION = 1;
				DEVELOPMENT_TEAM = 3UVVPY2T4W;
				GENERATE_INFOPLIST_FILE = YES;
				INFOPLIST_FILE = Tracker/Resources/Info.plist;
				INFOPLIST_KEY_UIApplicationSupportsIndirectInputEvents = YES;
				INFOPLIST_KEY_UILaunchStoryboardName = LaunchScreen;
				INFOPLIST_KEY_UISupportedInterfaceOrientations = UIInterfaceOrientationPortrait;
				INFOPLIST_KEY_UISupportedInterfaceOrientations_iPad = "UIInterfaceOrientationLandscapeLeft UIInterfaceOrientationLandscapeRight UIInterfaceOrientationPortrait UIInterfaceOrientationPortraitUpsideDown";
				IPHONEOS_DEPLOYMENT_TARGET = 13.4;
				LD_RUNPATH_SEARCH_PATHS = (
					"$(inherited)",
					"@executable_path/Frameworks",
				);
				MARKETING_VERSION = 1.0;
				PRODUCT_BUNDLE_IDENTIFIER = ru.gibbonch.Tracker;
				PRODUCT_NAME = "$(TARGET_NAME)";
				SUPPORTED_PLATFORMS = "iphoneos iphonesimulator";
				SUPPORTS_MACCATALYST = NO;
				SUPPORTS_MAC_DESIGNED_FOR_IPHONE_IPAD = NO;
				SUPPORTS_XR_DESIGNED_FOR_IPHONE_IPAD = NO;
				SWIFT_EMIT_LOC_STRINGS = YES;
				SWIFT_VERSION = 5.0;
				TARGETED_DEVICE_FAMILY = 1;
			};
			name = Release;
		};
		187294EB2D33C1C6004B4D18 /* Debug */ = {
			isa = XCBuildConfiguration;
			baseConfigurationReference = EDECA6BBE3414335F6473C04 /* Pods-TrackerTests.debug.xcconfig */;
			buildSettings = {
				BUNDLE_LOADER = "$(TEST_HOST)";
				CODE_SIGN_STYLE = Automatic;
				CURRENT_PROJECT_VERSION = 1;
				DEVELOPMENT_TEAM = 3UVVPY2T4W;
				GENERATE_INFOPLIST_FILE = YES;
				IPHONEOS_DEPLOYMENT_TARGET = 13.4;
				MARKETING_VERSION = 1.0;
				PRODUCT_BUNDLE_IDENTIFIER = ru.gibbonch.TrackerTests;
				PRODUCT_NAME = "$(TARGET_NAME)";
				SWIFT_EMIT_LOC_STRINGS = NO;
				SWIFT_VERSION = 5.0;
				TARGETED_DEVICE_FAMILY = "1,2";
				TEST_HOST = "$(BUILT_PRODUCTS_DIR)/Tracker.app/$(BUNDLE_EXECUTABLE_FOLDER_PATH)/Tracker";
			};
			name = Debug;
		};
		187294EC2D33C1C6004B4D18 /* Release */ = {
			isa = XCBuildConfiguration;
			baseConfigurationReference = 29EE9FAE8D6DA8848C1C8543 /* Pods-TrackerTests.release.xcconfig */;
			buildSettings = {
				BUNDLE_LOADER = "$(TEST_HOST)";
				CODE_SIGN_STYLE = Automatic;
				CURRENT_PROJECT_VERSION = 1;
				DEVELOPMENT_TEAM = 3UVVPY2T4W;
				GENERATE_INFOPLIST_FILE = YES;
				IPHONEOS_DEPLOYMENT_TARGET = 13.4;
				MARKETING_VERSION = 1.0;
				PRODUCT_BUNDLE_IDENTIFIER = ru.gibbonch.TrackerTests;
				PRODUCT_NAME = "$(TARGET_NAME)";
				SWIFT_EMIT_LOC_STRINGS = NO;
				SWIFT_VERSION = 5.0;
				TARGETED_DEVICE_FAMILY = "1,2";
				TEST_HOST = "$(BUILT_PRODUCTS_DIR)/Tracker.app/$(BUNDLE_EXECUTABLE_FOLDER_PATH)/Tracker";
			};
			name = Release;
		};
/* End XCBuildConfiguration section */

/* Begin XCConfigurationList section */
		180B5CA62CDBD78E003FDE88 /* Build configuration list for PBXProject "Tracker" */ = {
			isa = XCConfigurationList;
			buildConfigurations = (
				180B5CBD2CDBD78F003FDE88 /* Debug */,
				180B5CBE2CDBD78F003FDE88 /* Release */,
			);
			defaultConfigurationIsVisible = 0;
			defaultConfigurationName = Release;
		};
		180B5CBF2CDBD78F003FDE88 /* Build configuration list for PBXNativeTarget "Tracker" */ = {
			isa = XCConfigurationList;
			buildConfigurations = (
				180B5CC02CDBD78F003FDE88 /* Debug */,
				180B5CC12CDBD78F003FDE88 /* Release */,
			);
			defaultConfigurationIsVisible = 0;
			defaultConfigurationName = Release;
		};
		187294ED2D33C1C6004B4D18 /* Build configuration list for PBXNativeTarget "TrackerTests" */ = {
			isa = XCConfigurationList;
			buildConfigurations = (
				187294EB2D33C1C6004B4D18 /* Debug */,
				187294EC2D33C1C6004B4D18 /* Release */,
			);
			defaultConfigurationIsVisible = 0;
			defaultConfigurationName = Release;
		};
/* End XCConfigurationList section */

/* Begin XCRemoteSwiftPackageReference section */
		1833F5072D48F15200CA7A48 /* XCRemoteSwiftPackageReference "swift-snapshot-testing" */ = {
			isa = XCRemoteSwiftPackageReference;
			repositoryURL = "https://github.com/pointfreeco/swift-snapshot-testing";
			requirement = {
				kind = upToNextMajorVersion;
				minimumVersion = 1.18.0;
			};
		};
/* End XCRemoteSwiftPackageReference section */

/* Begin XCSwiftPackageProductDependency section */
		1833F5082D48F15200CA7A48 /* InlineSnapshotTesting */ = {
			isa = XCSwiftPackageProductDependency;
			package = 1833F5072D48F15200CA7A48 /* XCRemoteSwiftPackageReference "swift-snapshot-testing" */;
			productName = InlineSnapshotTesting;
		};
		1833F50A2D48F15200CA7A48 /* SnapshotTesting */ = {
			isa = XCSwiftPackageProductDependency;
			package = 1833F5072D48F15200CA7A48 /* XCRemoteSwiftPackageReference "swift-snapshot-testing" */;
			productName = SnapshotTesting;
		};
		1833F50C2D48F15200CA7A48 /* SnapshotTestingCustomDump */ = {
			isa = XCSwiftPackageProductDependency;
			package = 1833F5072D48F15200CA7A48 /* XCRemoteSwiftPackageReference "swift-snapshot-testing" */;
			productName = SnapshotTestingCustomDump;
		};
/* End XCSwiftPackageProductDependency section */

/* Begin XCVersionGroup section */
		189AC18D2D0F2D3F00717D6F /* TrackerModel.xcdatamodeld */ = {
			isa = XCVersionGroup;
			children = (
				189AC18E2D0F2D3F00717D6F /* TrackerModel.xcdatamodel */,
			);
			currentVersion = 189AC18E2D0F2D3F00717D6F /* TrackerModel.xcdatamodel */;
			path = TrackerModel.xcdatamodeld;
			sourceTree = "<group>";
			versionGroupType = wrapper.xcdatamodel;
		};
/* End XCVersionGroup section */
	};
	rootObject = 180B5CA32CDBD78E003FDE88 /* Project object */;
}
